<?xml version="1.0" encoding="utf-8"?>
<Project ToolsVersion="4.0" xmlns="http://schemas.microsoft.com/developer/msbuild/2003">
  <ItemGroup>
    <ClCompile Include="cdjpeg.c" />
    <ClCompile Include="djpeg.c" />
    <ClCompile Include="rdcolmap.c" />
    <ClCompile Include="wrbmp.c" />
    <ClCompile Include="wrgif.c" />
    <ClCompile Include="wrppm.c" />
    <ClCompile Include="wrrle.c" />
    <ClCompile Include="wrtarga.c" />
  </ItemGroup>
  <ItemGroup>
    <ClInclude Include="cderror.h" />
    <ClInclude Include="cdjpeg.h" />
    <ClInclude Include="jconfig.h" />
    <ClInclude Include="jerror.h" />
    <ClInclude Include="jinclude.h" />
    <ClInclude Include="jmorecfg.h" />
    <ClInclude Include="jpeglib.h" />
    <ClInclude Include="jversion.h" />
  </ItemGroup>
</Project>