<?xml version="1.0" encoding="utf-8"?>
<Project ToolsVersion="4.0" xmlns="http://schemas.microsoft.com/developer/msbuild/2003">
  <ItemGroup>
    <ClCompile Include="wrjpgcom.c" />
  </ItemGroup>
  <ItemGroup>
    <ClInclude Include="jconfig.h" />
    <ClInclude Include="jinclude.h" />
  </ItemGroup>
</Project>