<?xml version="1.0" encoding="utf-8"?>
<Project ToolsVersion="4.0" xmlns="http://schemas.microsoft.com/developer/msbuild/2003">
  <ItemGroup>
    <Filter Include="Source Files">
      <UniqueIdentifier>{3f5d161e-9b79-44ac-b11d-8f05b1e01046}</UniqueIdentifier>
    </Filter>
    <Filter Include="Source Files\buckets">
      <UniqueIdentifier>{f3e27898-36b9-4dbf-bb03-a6947031ef45}</UniqueIdentifier>
    </Filter>
    <Filter Include="Source Files\crypto">
      <UniqueIdentifier>{52055489-0532-4fad-87e3-82ca7161e47e}</UniqueIdentifier>
    </Filter>
    <Filter Include="Source Files\dbd">
      <UniqueIdentifier>{43cee635-05c4-468a-b531-32053ae0d385}</UniqueIdentifier>
    </Filter>
    <Filter Include="Source Files\dbm">
      <UniqueIdentifier>{aea4a4c4-2fb5-4f0d-940f-b5b06a35c46c}</UniqueIdentifier>
    </Filter>
    <Filter Include="Source Files\encoding">
      <UniqueIdentifier>{84363543-ac69-4d9a-8559-f8a828f5aac8}</UniqueIdentifier>
    </Filter>
    <Filter Include="Source Files\hooks">
      <UniqueIdentifier>{f2f1beb6-d523-4b4a-8e1d-93f720dd723a}</UniqueIdentifier>
    </Filter>
    <Filter Include="Source Files\ldap">
      <UniqueIdentifier>{dce7b6f0-d370-4b2a-8335-c117de31fcaa}</UniqueIdentifier>
    </Filter>
    <Filter Include="Source Files\memcache">
      <UniqueIdentifier>{1b446581-9927-41eb-a75d-7aef35c24854}</UniqueIdentifier>
    </Filter>
    <Filter Include="Source Files\misc">
      <UniqueIdentifier>{d543cf84-bedf-4bde-bbe9-72c443835e85}</UniqueIdentifier>
    </Filter>
    <Filter Include="Source Files\sdbm">
      <UniqueIdentifier>{029cf341-6811-4670-b137-4ee26dd75e95}</UniqueIdentifier>
    </Filter>
    <Filter Include="Source Files\strmatch">
      <UniqueIdentifier>{9cb00b0d-e312-43de-a0fa-b59e68571e01}</UniqueIdentifier>
    </Filter>
    <Filter Include="Source Files\uri">
      <UniqueIdentifier>{7f4dab36-45a7-4d64-a207-7483f01ddee1}</UniqueIdentifier>
    </Filter>
    <Filter Include="Source Files\xlate">
      <UniqueIdentifier>{cc814a2e-2ed7-4e8d-82cb-884904506d1e}</UniqueIdentifier>
    </Filter>
    <Filter Include="Source Files\xml">
      <UniqueIdentifier>{168349af-c84b-43da-843e-fcb2ba49d3c9}</UniqueIdentifier>
    </Filter>
    <Filter Include="Generated Files">
      <UniqueIdentifier>{294259f1-bd04-489f-b777-746fa8788707}</UniqueIdentifier>
    </Filter>
    <Filter Include="Public Header Files">
      <UniqueIdentifier>{dc21cb2d-a6eb-4a80-be87-4fbc05d46b98}</UniqueIdentifier>
    </Filter>
  </ItemGroup>
  <ItemGroup>
    <ClCompile Include="buckets\apr_brigade.c">
      <Filter>Source Files\buckets</Filter>
    </ClCompile>
    <ClCompile Include="buckets\apr_buckets.c">
      <Filter>Source Files\buckets</Filter>
    </ClCompile>
    <ClCompile Include="buckets\apr_buckets_alloc.c">
      <Filter>Source Files\buckets</Filter>
    </ClCompile>
    <ClCompile Include="buckets\apr_buckets_eos.c">
      <Filter>Source Files\buckets</Filter>
    </ClCompile>
    <ClCompile Include="buckets\apr_buckets_file.c">
      <Filter>Source Files\buckets</Filter>
    </ClCompile>
    <ClCompile Include="buckets\apr_buckets_flush.c">
      <Filter>Source Files\buckets</Filter>
    </ClCompile>
    <ClCompile Include="buckets\apr_buckets_heap.c">
      <Filter>Source Files\buckets</Filter>
    </ClCompile>
    <ClCompile Include="buckets\apr_buckets_mmap.c">
      <Filter>Source Files\buckets</Filter>
    </ClCompile>
    <ClCompile Include="buckets\apr_buckets_pipe.c">
      <Filter>Source Files\buckets</Filter>
    </ClCompile>
    <ClCompile Include="buckets\apr_buckets_pool.c">
      <Filter>Source Files\buckets</Filter>
    </ClCompile>
    <ClCompile Include="buckets\apr_buckets_refcount.c">
      <Filter>Source Files\buckets</Filter>
    </ClCompile>
    <ClCompile Include="buckets\apr_buckets_simple.c">
      <Filter>Source Files\buckets</Filter>
    </ClCompile>
    <ClCompile Include="buckets\apr_buckets_socket.c">
      <Filter>Source Files\buckets</Filter>
    </ClCompile>
    <ClCompile Include="crypto\apr_crypto.c">
      <Filter>Source Files\crypto</Filter>
    </ClCompile>
    <ClCompile Include="crypto\apr_md4.c">
      <Filter>Source Files\crypto</Filter>
    </ClCompile>
    <ClCompile Include="crypto\apr_md5.c">
      <Filter>Source Files\crypto</Filter>
    </ClCompile>
    <ClCompile Include="crypto\apr_passwd.c">
      <Filter>Source Files\crypto</Filter>
    </ClCompile>
    <ClCompile Include="crypto\apr_sha1.c">
      <Filter>Source Files\crypto</Filter>
    </ClCompile>
    <ClCompile Include="crypto\crypt_blowfish.c">
      <Filter>Source Files\crypto</Filter>
    </ClCompile>
    <ClCompile Include="crypto\getuuid.c">
      <Filter>Source Files\crypto</Filter>
    </ClCompile>
    <ClCompile Include="crypto\uuid.c">
      <Filter>Source Files\crypto</Filter>
    </ClCompile>
    <ClCompile Include="dbd\apr_dbd.c">
      <Filter>Source Files\dbd</Filter>
    </ClCompile>
    <ClCompile Include="dbd\apr_dbd_freetds.c">
      <Filter>Source Files\dbd</Filter>
    </ClCompile>
    <ClCompile Include="dbd\apr_dbd_mysql.c">
      <Filter>Source Files\dbd</Filter>
    </ClCompile>
    <ClCompile Include="dbd\apr_dbd_odbc.c">
      <Filter>Source Files\dbd</Filter>
    </ClCompile>
    <ClCompile Include="dbd\apr_dbd_oracle.c">
      <Filter>Source Files\dbd</Filter>
    </ClCompile>
    <ClCompile Include="dbd\apr_dbd_pgsql.c">
      <Filter>Source Files\dbd</Filter>
    </ClCompile>
    <ClCompile Include="dbd\apr_dbd_sqlite2.c">
      <Filter>Source Files\dbd</Filter>
    </ClCompile>
    <ClCompile Include="dbd\apr_dbd_sqlite3.c">
      <Filter>Source Files\dbd</Filter>
    </ClCompile>
    <ClCompile Include="dbm\apr_dbm.c">
      <Filter>Source Files\dbm</Filter>
    </ClCompile>
    <ClCompile Include="dbm\apr_dbm_berkeleydb.c">
      <Filter>Source Files\dbm</Filter>
    </ClCompile>
    <ClCompile Include="dbm\apr_dbm_gdbm.c">
      <Filter>Source Files\dbm</Filter>
    </ClCompile>
    <ClCompile Include="dbm\apr_dbm_sdbm.c">
      <Filter>Source Files\dbm</Filter>
    </ClCompile>
    <ClCompile Include="encoding\apr_base64.c">
      <Filter>Source Files\encoding</Filter>
    </ClCompile>
    <ClCompile Include="hooks\apr_hooks.c">
      <Filter>Source Files\hooks</Filter>
    </ClCompile>
    <ClCompile Include="ldap\apr_ldap_init.c">
      <Filter>Source Files\ldap</Filter>
    </ClCompile>
    <ClCompile Include="ldap\apr_ldap_option.c">
      <Filter>Source Files\ldap</Filter>
    </ClCompile>
    <ClCompile Include="ldap\apr_ldap_rebind.c">
      <Filter>Source Files\ldap</Filter>
    </ClCompile>
    <ClCompile Include="ldap\apr_ldap_stub.c">
      <Filter>Source Files\ldap</Filter>
    </ClCompile>
    <ClCompile Include="ldap\apr_ldap_url.c">
      <Filter>Source Files\ldap</Filter>
    </ClCompile>
    <ClCompile Include="memcache\apr_memcache.c">
      <Filter>Source Files\memcache</Filter>
    </ClCompile>
    <ClCompile Include="misc\apr_date.c">
      <Filter>Source Files\misc</Filter>
    </ClCompile>
    <ClCompile Include="misc\apu_dso.c">
      <Filter>Source Files\misc</Filter>
    </ClCompile>
    <ClCompile Include="misc\apr_queue.c">
      <Filter>Source Files\misc</Filter>
    </ClCompile>
    <ClCompile Include="misc\apr_reslist.c">
      <Filter>Source Files\misc</Filter>
    </ClCompile>
    <ClCompile Include="misc\apr_rmm.c">
      <Filter>Source Files\misc</Filter>
    </ClCompile>
    <ClCompile Include="misc\apr_thread_pool.c">
      <Filter>Source Files\misc</Filter>
    </ClCompile>
    <ClCompile Include="misc\apu_version.c">
      <Filter>Source Files\misc</Filter>
    </ClCompile>
    <ClCompile Include="dbm\sdbm\sdbm.c">
      <Filter>Source Files\sdbm</Filter>
    </ClCompile>
    <ClCompile Include="dbm\sdbm\sdbm_hash.c">
      <Filter>Source Files\sdbm</Filter>
    </ClCompile>
    <ClCompile Include="dbm\sdbm\sdbm_lock.c">
      <Filter>Source Files\sdbm</Filter>
    </ClCompile>
    <ClCompile Include="dbm\sdbm\sdbm_pair.c">
      <Filter>Source Files\sdbm</Filter>
    </ClCompile>
    <ClCompile Include="strmatch\apr_strmatch.c">
      <Filter>Source Files\strmatch</Filter>
    </ClCompile>
    <ClCompile Include="uri\apr_uri.c">
      <Filter>Source Files\uri</Filter>
    </ClCompile>
    <ClCompile Include="xlate\xlate.c">
      <Filter>Source Files\xlate</Filter>
    </ClCompile>
    <ClCompile Include="xml\apr_xml.c">
      <Filter>Source Files\xml</Filter>
    </ClCompile>
  </ItemGroup>
  <ItemGroup>
    <ClInclude Include="crypto\crypt_blowfish.h">
      <Filter>Source Files\crypto</Filter>
    </ClInclude>
    <ClInclude Include="dbm\sdbm\sdbm_pair.h">
      <Filter>Source Files\sdbm</Filter>
    </ClInclude>
    <ClInclude Include="dbm\sdbm\sdbm_private.h">
      <Filter>Source Files\sdbm</Filter>
    </ClInclude>
    <ClInclude Include="dbm\sdbm\sdbm_tune.h">
      <Filter>Source Files\sdbm</Filter>
    </ClInclude>
    <ClInclude Include="include\apr_anylock.h">
      <Filter>Public Header Files</Filter>
    </ClInclude>
    <ClInclude Include="include\apr_base64.h">
      <Filter>Public Header Files</Filter>
    </ClInclude>
    <ClInclude Include="include\apr_buckets.h">
      <Filter>Public Header Files</Filter>
    </ClInclude>
    <ClInclude Include="include\apr_date.h">
      <Filter>Public Header Files</Filter>
    </ClInclude>
    <ClInclude Include="include\apr_dbm.h">
      <Filter>Public Header Files</Filter>
    </ClInclude>
    <ClInclude Include="include\apr_hooks.h">
      <Filter>Public Header Files</Filter>
    </ClInclude>
    <ClInclude Include="include\apr_ldap_url.h">
      <Filter>Public Header Files</Filter>
    </ClInclude>
    <ClInclude Include="include\apr_md4.h">
      <Filter>Public Header Files</Filter>
    </ClInclude>
    <ClInclude Include="include\apr_md5.h">
      <Filter>Public Header Files</Filter>
    </ClInclude>
    <ClInclude Include="include\apr_memcache.h">
      <Filter>Public Header Files</Filter>
    </ClInclude>
    <ClInclude Include="include\apr_optional.h">
      <Filter>Public Header Files</Filter>
    </ClInclude>
    <ClInclude Include="include\apr_optional_hooks.h">
      <Filter>Public Header Files</Filter>
    </ClInclude>
    <ClInclude Include="include\apr_queue.h">
      <Filter>Public Header Files</Filter>
    </ClInclude>
    <ClInclude Include="include\apr_reslist.h">
      <Filter>Public Header Files</Filter>
    </ClInclude>
    <ClInclude Include="include\apr_rmm.h">
      <Filter>Public Header Files</Filter>
    </ClInclude>
    <ClInclude Include="include\apr_sdbm.h">
      <Filter>Public Header Files</Filter>
    </ClInclude>
    <ClInclude Include="include\apr_sha1.h">
      <Filter>Public Header Files</Filter>
    </ClInclude>
    <ClInclude Include="include\apr_strmatch.h">
      <Filter>Public Header Files</Filter>
    </ClInclude>
    <ClInclude Include="include\apr_thread_pool.h">
      <Filter>Public Header Files</Filter>
    </ClInclude>
    <ClInclude Include="include\apr_uri.h">
      <Filter>Public Header Files</Filter>
    </ClInclude>
    <ClInclude Include="include\apr_uuid.h">
      <Filter>Public Header Files</Filter>
    </ClInclude>
    <ClInclude Include="include\apr_xlate.h">
      <Filter>Public Header Files</Filter>
    </ClInclude>
    <ClInclude Include="include\apr_xml.h">
      <Filter>Public Header Files</Filter>
    </ClInclude>
    <ClInclude Include="include\apu_version.h">
      <Filter>Public Header Files</Filter>
    </ClInclude>
  </ItemGroup>
  <ItemGroup>
    <CustomBuild Include="include\apr_ldap.h.in">
      <Filter>Generated Files</Filter>
    </CustomBuild>
    <CustomBuild Include="include\apr_ldap.hnw">
      <Filter>Generated Files</Filter>
    </CustomBuild>
    <CustomBuild Include="include\apr_ldap.hw">
      <Filter>Generated Files</Filter>
    </CustomBuild>
    <CustomBuild Include="include\apu.h.in">
      <Filter>Generated Files</Filter>
    </CustomBuild>
    <CustomBuild Include="include\apu.hnw">
      <Filter>Generated Files</Filter>
    </CustomBuild>
    <CustomBuild Include="include\apu.hw">
      <Filter>Generated Files</Filter>
    </CustomBuild>
    <CustomBuild Include="include\private\apu_config.h.in">
      <Filter>Generated Files</Filter>
    </CustomBuild>
    <CustomBuild Include="include\private\apu_config.hw">
      <Filter>Generated Files</Filter>
    </CustomBuild>
    <CustomBuild Include="include\private\apu_select_dbm.h.in">
      <Filter>Generated Files</Filter>
    </CustomBuild>
    <CustomBuild Include="include\private\apu_select_dbm.hw">
      <Filter>Generated Files</Filter>
    </CustomBuild>
    <CustomBuild Include="include\apu_want.h.in">
      <Filter>Generated Files</Filter>
    </CustomBuild>
    <CustomBuild Include="include\apu_want.hnw">
      <Filter>Generated Files</Filter>
    </CustomBuild>
    <CustomBuild Include="include\apu_want.hw">
      <Filter>Generated Files</Filter>
    </CustomBuild>
  </ItemGroup>
</Project>