<?xml version="1.0" encoding="utf-8"?>
<Project ToolsVersion="4.0" xmlns="http://schemas.microsoft.com/developer/msbuild/2003">
  <ItemGroup>
    <Filter Include="Source Files">
      <UniqueIdentifier>{c32245de-0729-432a-b00c-f20d7f214ad4}</UniqueIdentifier>
      <Extensions>cpp;c;cxx;rc;def;r;odl;idl;hpj;bat</Extensions>
    </Filter>
    <Filter Include="Header Files">
      <UniqueIdentifier>{1d3fa119-1a20-4125-aaa7-fc90181823dc}</UniqueIdentifier>
      <Extensions>h;hpp;hxx;hm;inl</Extensions>
    </Filter>
  </ItemGroup>
  <ItemGroup>
    <ClCompile Include="..\scew\attribute.c">
      <Filter>Source Files</Filter>
    </ClCompile>
    <ClCompile Include="..\scew\element.c">
      <Filter>Source Files</Filter>
    </ClCompile>
    <ClCompile Include="..\scew\error.c">
      <Filter>Source Files</Filter>
    </ClCompile>
    <ClCompile Include="..\scew\parser.c">
      <Filter>Source Files</Filter>
    </ClCompile>
    <ClCompile Include="..\scew\str.c">
      <Filter>Source Files</Filter>
    </ClCompile>
    <ClCompile Include="..\scew\tree.c">
      <Filter>Source Files</Filter>
    </ClCompile>
    <ClCompile Include="..\scew\writer.c">
      <Filter>Source Files</Filter>
    </ClCompile>
    <ClCompile Include="..\scew\xattribute.c">
      <Filter>Source Files</Filter>
    </ClCompile>
    <ClCompile Include="..\scew\xerror.c">
      <Filter>Source Files</Filter>
    </ClCompile>
    <ClCompile Include="..\scew\xhandler.c">
      <Filter>Source Files</Filter>
    </ClCompile>
    <ClCompile Include="..\scew\xparser.c">
      <Filter>Source Files</Filter>
    </ClCompile>
    <ClCompile Include="..\scew\xprint.c">
      <Filter>Source Files</Filter>
    </ClCompile>
  </ItemGroup>
  <ItemGroup>
    <ClInclude Include="..\scew\attribute.h">
      <Filter>Header Files</Filter>
    </ClInclude>
    <ClInclude Include="..\scew\element.h">
      <Filter>Header Files</Filter>
    </ClInclude>
    <ClInclude Include="..\scew\error.h">
      <Filter>Header Files</Filter>
    </ClInclude>
    <ClInclude Include="..\scew\parser.h">
      <Filter>Header Files</Filter>
    </ClInclude>
    <ClInclude Include="..\scew\scew.h">
      <Filter>Header Files</Filter>
    </ClInclude>
    <ClInclude Include="..\scew\str.h">
      <Filter>Header Files</Filter>
    </ClInclude>
    <ClInclude Include="..\scew\tree.h">
      <Filter>Header Files</Filter>
    </ClInclude>
    <ClInclude Include="..\scew\types.h">
      <Filter>Header Files</Filter>
    </ClInclude>
    <ClInclude Include="..\scew\writer.h">
      <Filter>Header Files</Filter>
    </ClInclude>
    <ClInclude Include="..\scew\xattribute.h">
      <Filter>Header Files</Filter>
    </ClInclude>
    <ClInclude Include="..\scew\xelement.h">
      <Filter>Header Files</Filter>
    </ClInclude>
    <ClInclude Include="..\scew\xerror.h">
      <Filter>Header Files</Filter>
    </ClInclude>
    <ClInclude Include="..\scew\xhandler.h">
      <Filter>Header Files</Filter>
    </ClInclude>
    <ClInclude Include="..\scew\xparser.h">
      <Filter>Header Files</Filter>
    </ClInclude>
    <ClInclude Include="..\scew\xprint.h">
      <Filter>Header Files</Filter>
    </ClInclude>
    <ClInclude Include="..\scew\xtree.h">
      <Filter>Header Files</Filter>
    </ClInclude>
  </ItemGroup>
</Project>