
Microsoft Visual Studio Solution File, Format Version 12.00
# Visual Studio 2012
Project("{8BC9CEB8-8B4A-11D0-8D11-00A0C91BC942}") = "elements", "examples\elements.vcxproj", "{09021A14-96B2-4A81-8139-32A79B51C63D}"
EndProject
Project("{8BC9CEB8-8B4A-11D0-8D11-00A0C91BC942}") = "expat", "lib\expat.vcxproj", "{D4EC095C-25C3-4302-9FFD-A15D94AB4C94}"
EndProject
Project("{8BC9CEB8-8B4A-11D0-8D11-00A0C91BC942}") = "expat_static", "lib\expat_static.vcxproj", "{889BA68E-EF7A-4CEF-8ABE-1D296BE4B1E3}"
EndProject
Project("{8BC9CEB8-8B4A-11D0-8D11-00A0C91BC942}") = "expatw", "lib\expatw.vcxproj", "{37445CEB-7B22-44A3-8D3E-EBD097242ED4}"
EndProject
Project("{8BC9CEB8-8B4A-11D0-8D11-00A0C91BC942}") = "expatw_static", "lib\expatw_static.vcxproj", "{1A7BFAFF-9885-4D92-BF6A-B4BB04B8DA24}"
EndProject
Project("{8BC9CEB8-8B4A-11D0-8D11-00A0C91BC942}") = "outline", "examples\outline.vcxproj", "{16657A3B-02B6-4941-A042-001A0CCCE55E}"
EndProject
Project("{8BC9CEB8-8B4A-11D0-8D11-00A0C91BC942}") = "xmlwf", "xmlwf\xmlwf.vcxproj", "{C8B8B3A6-2E94-4924-A2AD-DE0C8812D566}"
EndProject
Global
	GlobalSection(SolutionConfigurationPlatforms) = preSolution
		Debug|ARM = Debug|ARM
		Debug|Win32 = Debug|Win32
		Release|ARM = Release|ARM
		Release|Win32 = Release|Win32
		Template|ARM = Template|ARM
		Template|Win32 = Template|Win32
	EndGlobalSection
	GlobalSection(ProjectConfigurationPlatforms) = postSolution
		{09021A14-96B2-4A81-8139-32A79B51C63D}.Debug|ARM.ActiveCfg = Debug|ARM
		{09021A14-96B2-4A81-8139-32A79B51C63D}.Debug|ARM.Build.0 = Debug|ARM
		{09021A14-96B2-4A81-8139-32A79B51C63D}.Debug|Win32.ActiveCfg = Debug|Win32
		{09021A14-96B2-4A81-8139-32A79B51C63D}.Debug|Win32.Build.0 = Debug|Win32
		{09021A14-96B2-4A81-8139-32A79B51C63D}.Debug|Win32.Deploy.0 = Debug|Win32
		{09021A14-96B2-4A81-8139-32A79B51C63D}.Release|ARM.ActiveCfg = Release|ARM
		{09021A14-96B2-4A81-8139-32A79B51C63D}.Release|ARM.Build.0 = Release|ARM
		{09021A14-96B2-4A81-8139-32A79B51C63D}.Release|Win32.ActiveCfg = Release|Win32
		{09021A14-96B2-4A81-8139-32A79B51C63D}.Release|Win32.Build.0 = Release|Win32
		{09021A14-96B2-4A81-8139-32A79B51C63D}.Release|Win32.Deploy.0 = Release|Win32
		{09021A14-96B2-4A81-8139-32A79B51C63D}.Template|ARM.ActiveCfg = Release|ARM
		{09021A14-96B2-4A81-8139-32A79B51C63D}.Template|ARM.Build.0 = Release|ARM
		{09021A14-96B2-4A81-8139-32A79B51C63D}.Template|Win32.ActiveCfg = Release|Win32
		{09021A14-96B2-4A81-8139-32A79B51C63D}.Template|Win32.Build.0 = Release|Win32
		{09021A14-96B2-4A81-8139-32A79B51C63D}.Template|Win32.Deploy.0 = Release|Win32
		{D4EC095C-25C3-4302-9FFD-A15D94AB4C94}.Debug|ARM.ActiveCfg = Debug|ARM
		{D4EC095C-25C3-4302-9FFD-A15D94AB4C94}.Debug|ARM.Build.0 = Debug|ARM
		{D4EC095C-25C3-4302-9FFD-A15D94AB4C94}.Debug|Win32.ActiveCfg = Debug|Win32
		{D4EC095C-25C3-4302-9FFD-A15D94AB4C94}.Debug|Win32.Build.0 = Debug|Win32
		{D4EC095C-25C3-4302-9FFD-A15D94AB4C94}.Debug|Win32.Deploy.0 = Debug|Win32
		{D4EC095C-25C3-4302-9FFD-A15D94AB4C94}.Release|ARM.ActiveCfg = Release|ARM
		{D4EC095C-25C3-4302-9FFD-A15D94AB4C94}.Release|ARM.Build.0 = Release|ARM
		{D4EC095C-25C3-4302-9FFD-A15D94AB4C94}.Release|Win32.ActiveCfg = Release|Win32
		{D4EC095C-25C3-4302-9FFD-A15D94AB4C94}.Release|Win32.Build.0 = Release|Win32
		{D4EC095C-25C3-4302-9FFD-A15D94AB4C94}.Release|Win32.Deploy.0 = Release|Win32
		{D4EC095C-25C3-4302-9FFD-A15D94AB4C94}.Template|ARM.ActiveCfg = Template|ARM
		{D4EC095C-25C3-4302-9FFD-A15D94AB4C94}.Template|ARM.Build.0 = Template|ARM
		{D4EC095C-25C3-4302-9FFD-A15D94AB4C94}.Template|Win32.ActiveCfg = Template|Win32
		{D4EC095C-25C3-4302-9FFD-A15D94AB4C94}.Template|Win32.Build.0 = Template|Win32
		{D4EC095C-25C3-4302-9FFD-A15D94AB4C94}.Template|Win32.Deploy.0 = Template|Win32
		{889BA68E-EF7A-4CEF-8ABE-1D296BE4B1E3}.Debug|ARM.ActiveCfg = Debug|ARM
		{889BA68E-EF7A-4CEF-8ABE-1D296BE4B1E3}.Debug|ARM.Build.0 = Debug|ARM
		{889BA68E-EF7A-4CEF-8ABE-1D296BE4B1E3}.Debug|Win32.ActiveCfg = Debug|Win32
		{889BA68E-EF7A-4CEF-8ABE-1D296BE4B1E3}.Debug|Win32.Build.0 = Debug|Win32
		{889BA68E-EF7A-4CEF-8ABE-1D296BE4B1E3}.Debug|Win32.Deploy.0 = Debug|Win32
		{889BA68E-EF7A-4CEF-8ABE-1D296BE4B1E3}.Release|ARM.ActiveCfg = Release|ARM
		{889BA68E-EF7A-4CEF-8ABE-1D296BE4B1E3}.Release|ARM.Build.0 = Release|ARM
		{889BA68E-EF7A-4CEF-8ABE-1D296BE4B1E3}.Release|Win32.ActiveCfg = Release|Win32
		{889BA68E-EF7A-4CEF-8ABE-1D296BE4B1E3}.Release|Win32.Build.0 = Release|Win32
		{889BA68E-EF7A-4CEF-8ABE-1D296BE4B1E3}.Release|Win32.Deploy.0 = Release|Win32
		{889BA68E-EF7A-4CEF-8ABE-1D296BE4B1E3}.Template|ARM.ActiveCfg = Template|ARM
		{889BA68E-EF7A-4CEF-8ABE-1D296BE4B1E3}.Template|ARM.Build.0 = Template|ARM
		{889BA68E-EF7A-4CEF-8ABE-1D296BE4B1E3}.Template|Win32.ActiveCfg = Template|Win32
		{889BA68E-EF7A-4CEF-8ABE-1D296BE4B1E3}.Template|Win32.Build.0 = Template|Win32
		{889BA68E-EF7A-4CEF-8ABE-1D296BE4B1E3}.Template|Win32.Deploy.0 = Template|Win32
		{37445CEB-7B22-44A3-8D3E-EBD097242ED4}.Debug|ARM.ActiveCfg = Debug|ARM
		{37445CEB-7B22-44A3-8D3E-EBD097242ED4}.Debug|ARM.Build.0 = Debug|ARM
		{37445CEB-7B22-44A3-8D3E-EBD097242ED4}.Debug|Win32.ActiveCfg = Debug|Win32
		{37445CEB-7B22-44A3-8D3E-EBD097242ED4}.Debug|Win32.Build.0 = Debug|Win32
		{37445CEB-7B22-44A3-8D3E-EBD097242ED4}.Debug|Win32.Deploy.0 = Debug|Win32
		{37445CEB-7B22-44A3-8D3E-EBD097242ED4}.Release|ARM.ActiveCfg = Release|ARM
		{37445CEB-7B22-44A3-8D3E-EBD097242ED4}.Release|ARM.Build.0 = Release|ARM
		{37445CEB-7B22-44A3-8D3E-EBD097242ED4}.Release|Win32.ActiveCfg = Release|Win32
		{37445CEB-7B22-44A3-8D3E-EBD097242ED4}.Release|Win32.Build.0 = Release|Win32
		{37445CEB-7B22-44A3-8D3E-EBD097242ED4}.Release|Win32.Deploy.0 = Release|Win32
		{37445CEB-7B22-44A3-8D3E-EBD097242ED4}.Template|ARM.ActiveCfg = Template|ARM
		{37445CEB-7B22-44A3-8D3E-EBD097242ED4}.Template|ARM.Build.0 = Template|ARM
		{37445CEB-7B22-44A3-8D3E-EBD097242ED4}.Template|Win32.ActiveCfg = Template|Win32
		{37445CEB-7B22-44A3-8D3E-EBD097242ED4}.Template|Win32.Build.0 = Template|Win32
		{37445CEB-7B22-44A3-8D3E-EBD097242ED4}.Template|Win32.Deploy.0 = Template|Win32
		{1A7BFAFF-9885-4D92-BF6A-B4BB04B8DA24}.Debug|ARM.ActiveCfg = Debug|ARM
		{1A7BFAFF-9885-4D92-BF6A-B4BB04B8DA24}.Debug|ARM.Build.0 = Debug|ARM
		{1A7BFAFF-9885-4D92-BF6A-B4BB04B8DA24}.Debug|Win32.ActiveCfg = Debug|Win32
		{1A7BFAFF-9885-4D92-BF6A-B4BB04B8DA24}.Debug|Win32.Build.0 = Debug|Win32
		{1A7BFAFF-9885-4D92-BF6A-B4BB04B8DA24}.Debug|Win32.Deploy.0 = Debug|Win32
		{1A7BFAFF-9885-4D92-BF6A-B4BB04B8DA24}.Release|ARM.ActiveCfg = Release|ARM
		{1A7BFAFF-9885-4D92-BF6A-B4BB04B8DA24}.Release|ARM.Build.0 = Release|ARM
		{1A7BFAFF-9885-4D92-BF6A-B4BB04B8DA24}.Release|Win32.ActiveCfg = Release|Win32
		{1A7BFAFF-9885-4D92-BF6A-B4BB04B8DA24}.Release|Win32.Build.0 = Release|Win32
		{1A7BFAFF-9885-4D92-BF6A-B4BB04B8DA24}.Release|Win32.Deploy.0 = Release|Win32
		{1A7BFAFF-9885-4D92-BF6A-B4BB04B8DA24}.Template|ARM.ActiveCfg = Template|ARM
		{1A7BFAFF-9885-4D92-BF6A-B4BB04B8DA24}.Template|ARM.Build.0 = Template|ARM
		{1A7BFAFF-9885-4D92-BF6A-B4BB04B8DA24}.Template|Win32.ActiveCfg = Template|Win32
		{1A7BFAFF-9885-4D92-BF6A-B4BB04B8DA24}.Template|Win32.Build.0 = Template|Win32
		{1A7BFAFF-9885-4D92-BF6A-B4BB04B8DA24}.Template|Win32.Deploy.0 = Template|Win32
		{16657A3B-02B6-4941-A042-001A0CCCE55E}.Debug|ARM.ActiveCfg = Debug|ARM
		{16657A3B-02B6-4941-A042-001A0CCCE55E}.Debug|ARM.Build.0 = Debug|ARM
		{16657A3B-02B6-4941-A042-001A0CCCE55E}.Debug|Win32.ActiveCfg = Debug|Win32
		{16657A3B-02B6-4941-A042-001A0CCCE55E}.Debug|Win32.Build.0 = Debug|Win32
		{16657A3B-02B6-4941-A042-001A0CCCE55E}.Debug|Win32.Deploy.0 = Debug|Win32
		{16657A3B-02B6-4941-A042-001A0CCCE55E}.Release|ARM.ActiveCfg = Release|ARM
		{16657A3B-02B6-4941-A042-001A0CCCE55E}.Release|ARM.Build.0 = Release|ARM
		{16657A3B-02B6-4941-A042-001A0CCCE55E}.Release|Win32.ActiveCfg = Release|Win32
		{16657A3B-02B6-4941-A042-001A0CCCE55E}.Release|Win32.Build.0 = Release|Win32
		{16657A3B-02B6-4941-A042-001A0CCCE55E}.Release|Win32.Deploy.0 = Release|Win32
		{16657A3B-02B6-4941-A042-001A0CCCE55E}.Template|ARM.ActiveCfg = Template|ARM
		{16657A3B-02B6-4941-A042-001A0CCCE55E}.Template|ARM.Build.0 = Template|ARM
		{16657A3B-02B6-4941-A042-001A0CCCE55E}.Template|Win32.ActiveCfg = Template|Win32
		{16657A3B-02B6-4941-A042-001A0CCCE55E}.Template|Win32.Build.0 = Template|Win32
		{16657A3B-02B6-4941-A042-001A0CCCE55E}.Template|Win32.Deploy.0 = Template|Win32
		{C8B8B3A6-2E94-4924-A2AD-DE0C8812D566}.Debug|ARM.ActiveCfg = Debug|ARM
		{C8B8B3A6-2E94-4924-A2AD-DE0C8812D566}.Debug|ARM.Build.0 = Debug|ARM
		{C8B8B3A6-2E94-4924-A2AD-DE0C8812D566}.Debug|Win32.ActiveCfg = Debug|Win32
		{C8B8B3A6-2E94-4924-A2AD-DE0C8812D566}.Debug|Win32.Build.0 = Debug|Win32
		{C8B8B3A6-2E94-4924-A2AD-DE0C8812D566}.Debug|Win32.Deploy.0 = Debug|Win32
		{C8B8B3A6-2E94-4924-A2AD-DE0C8812D566}.Release|ARM.ActiveCfg = Release|ARM
		{C8B8B3A6-2E94-4924-A2AD-DE0C8812D566}.Release|ARM.Build.0 = Release|ARM
		{C8B8B3A6-2E94-4924-A2AD-DE0C8812D566}.Release|Win32.ActiveCfg = Release|Win32
		{C8B8B3A6-2E94-4924-A2AD-DE0C8812D566}.Release|Win32.Build.0 = Release|Win32
		{C8B8B3A6-2E94-4924-A2AD-DE0C8812D566}.Release|Win32.Deploy.0 = Release|Win32
		{C8B8B3A6-2E94-4924-A2AD-DE0C8812D566}.Template|ARM.ActiveCfg = Template|ARM
		{C8B8B3A6-2E94-4924-A2AD-DE0C8812D566}.Template|ARM.Build.0 = Template|ARM
		{C8B8B3A6-2E94-4924-A2AD-DE0C8812D566}.Template|Win32.ActiveCfg = Template|Win32
		{C8B8B3A6-2E94-4924-A2AD-DE0C8812D566}.Template|Win32.Build.0 = Template|Win32
		{C8B8B3A6-2E94-4924-A2AD-DE0C8812D566}.Template|Win32.Deploy.0 = Template|Win32
	EndGlobalSection
	GlobalSection(SolutionProperties) = preSolution
		HideSolutionNode = FALSE
	EndGlobalSection
EndGlobal
