
Microsoft Visual Studio Solution File, Format Version 12.00
# Visual Studio 2012
Project("{8BC9CEB8-8B4A-11D0-8D11-00A0C91BC942}") = "yassl", "yassl.vcxproj", "{E8A6383F-B3D9-497B-A6D8-A8C324356968}"
EndProject
Project("{8BC9CEB8-8B4A-11D0-8D11-00A0C91BC942}") = "taocrypt", "taocrypt\taocrypt.vcxproj", "{EEE1B039-5105-4576-9CF6-8DA69985B7F9}"
EndProject
Project("{8BC9CEB8-8B4A-11D0-8D11-00A0C91BC942}") = "test", "taocrypt\test\test.vcxproj", "{E723AAC6-7B3B-4F45-A33E-275E9DAE132A}"
EndProject
Project("{8BC9CEB8-8B4A-11D0-8D11-00A0C91BC942}") = "benchmark", "taocrypt\benchmark\benchmark.vcxproj", "{A56D2AE7-183E-4B04-A814-FD62ACBE0588}"
EndProject
Project("{8BC9CEB8-8B4A-11D0-8D11-00A0C91BC942}") = "client", "examples\client\client.vcxproj", "{BBA6DED9-5CC7-475F-BB5B-597DF6510986}"
EndProject
Project("{8BC9CEB8-8B4A-11D0-8D11-00A0C91BC942}") = "server", "examples\server\server.vcxproj", "{84437FAF-3D3E-4E69-AE50-2BC6A2A50265}"
EndProject
Project("{8BC9CEB8-8B4A-11D0-8D11-00A0C91BC942}") = "echoclient", "examples\echoclient\echoclient.vcxproj", "{1492CC87-392E-44E8-8EDE-C07391A971EF}"
EndProject
Project("{8BC9CEB8-8B4A-11D0-8D11-00A0C91BC942}") = "echoserver", "examples\echoserver\echoserver.vcxproj", "{89056781-C3B2-449B-9E1C-CCA4B6FED5EC}"
EndProject
Project("{8BC9CEB8-8B4A-11D0-8D11-00A0C91BC942}") = "testsuite", "testsuite\testsuite.vcxproj", "{6424F190-E9FF-41E8-A27F-3A2673548041}"
EndProject
Global
	GlobalSection(SolutionConfigurationPlatforms) = preSolution
		Debug|ARM = Debug|ARM
		Debug|Win32 = Debug|Win32
		Release|ARM = Release|ARM
		Release|Win32 = Release|Win32
	EndGlobalSection
	GlobalSection(ProjectConfigurationPlatforms) = postSolution
		{E8A6383F-B3D9-497B-A6D8-A8C324356968}.Debug|ARM.ActiveCfg = Debug|ARM
		{E8A6383F-B3D9-497B-A6D8-A8C324356968}.Debug|ARM.Build.0 = Debug|ARM
		{E8A6383F-B3D9-497B-A6D8-A8C324356968}.Debug|Win32.ActiveCfg = Debug|Win32
		{E8A6383F-B3D9-497B-A6D8-A8C324356968}.Debug|Win32.Build.0 = Debug|Win32
		{E8A6383F-B3D9-497B-A6D8-A8C324356968}.Release|ARM.ActiveCfg = Release|ARM
		{E8A6383F-B3D9-497B-A6D8-A8C324356968}.Release|ARM.Build.0 = Release|ARM
		{E8A6383F-B3D9-497B-A6D8-A8C324356968}.Release|Win32.ActiveCfg = Release|Win32
		{E8A6383F-B3D9-497B-A6D8-A8C324356968}.Release|Win32.Build.0 = Release|Win32
		{EEE1B039-5105-4576-9CF6-8DA69985B7F9}.Debug|ARM.ActiveCfg = Debug|ARM
		{EEE1B039-5105-4576-9CF6-8DA69985B7F9}.Debug|ARM.Build.0 = Debug|ARM
		{EEE1B039-5105-4576-9CF6-8DA69985B7F9}.Debug|Win32.ActiveCfg = Debug|Win32
		{EEE1B039-5105-4576-9CF6-8DA69985B7F9}.Debug|Win32.Build.0 = Debug|Win32
		{EEE1B039-5105-4576-9CF6-8DA69985B7F9}.Release|ARM.ActiveCfg = Release|ARM
		{EEE1B039-5105-4576-9CF6-8DA69985B7F9}.Release|ARM.Build.0 = Release|ARM
		{EEE1B039-5105-4576-9CF6-8DA69985B7F9}.Release|Win32.ActiveCfg = Release|Win32
		{EEE1B039-5105-4576-9CF6-8DA69985B7F9}.Release|Win32.Build.0 = Release|Win32
		{E723AAC6-7B3B-4F45-A33E-275E9DAE132A}.Debug|ARM.ActiveCfg = Debug|ARM
		{E723AAC6-7B3B-4F45-A33E-275E9DAE132A}.Debug|ARM.Build.0 = Debug|ARM
		{E723AAC6-7B3B-4F45-A33E-275E9DAE132A}.Debug|Win32.ActiveCfg = Debug|Win32
		{E723AAC6-7B3B-4F45-A33E-275E9DAE132A}.Debug|Win32.Build.0 = Debug|Win32
		{E723AAC6-7B3B-4F45-A33E-275E9DAE132A}.Release|ARM.ActiveCfg = Release|ARM
		{E723AAC6-7B3B-4F45-A33E-275E9DAE132A}.Release|ARM.Build.0 = Release|ARM
		{E723AAC6-7B3B-4F45-A33E-275E9DAE132A}.Release|Win32.ActiveCfg = Release|Win32
		{E723AAC6-7B3B-4F45-A33E-275E9DAE132A}.Release|Win32.Build.0 = Release|Win32
		{A56D2AE7-183E-4B04-A814-FD62ACBE0588}.Debug|ARM.ActiveCfg = Debug|ARM
		{A56D2AE7-183E-4B04-A814-FD62ACBE0588}.Debug|ARM.Build.0 = Debug|ARM
		{A56D2AE7-183E-4B04-A814-FD62ACBE0588}.Debug|Win32.ActiveCfg = Debug|Win32
		{A56D2AE7-183E-4B04-A814-FD62ACBE0588}.Debug|Win32.Build.0 = Debug|Win32
		{A56D2AE7-183E-4B04-A814-FD62ACBE0588}.Release|ARM.ActiveCfg = Release|ARM
		{A56D2AE7-183E-4B04-A814-FD62ACBE0588}.Release|ARM.Build.0 = Release|ARM
		{A56D2AE7-183E-4B04-A814-FD62ACBE0588}.Release|Win32.ActiveCfg = Release|Win32
		{A56D2AE7-183E-4B04-A814-FD62ACBE0588}.Release|Win32.Build.0 = Release|Win32
		{BBA6DED9-5CC7-475F-BB5B-597DF6510986}.Debug|ARM.ActiveCfg = Debug|ARM
		{BBA6DED9-5CC7-475F-BB5B-597DF6510986}.Debug|ARM.Build.0 = Debug|ARM
		{BBA6DED9-5CC7-475F-BB5B-597DF6510986}.Debug|Win32.ActiveCfg = Debug|Win32
		{BBA6DED9-5CC7-475F-BB5B-597DF6510986}.Debug|Win32.Build.0 = Debug|Win32
		{BBA6DED9-5CC7-475F-BB5B-597DF6510986}.Release|ARM.ActiveCfg = Release|ARM
		{BBA6DED9-5CC7-475F-BB5B-597DF6510986}.Release|ARM.Build.0 = Release|ARM
		{BBA6DED9-5CC7-475F-BB5B-597DF6510986}.Release|Win32.ActiveCfg = Release|Win32
		{BBA6DED9-5CC7-475F-BB5B-597DF6510986}.Release|Win32.Build.0 = Release|Win32
		{84437FAF-3D3E-4E69-AE50-2BC6A2A50265}.Debug|ARM.ActiveCfg = Debug|ARM
		{84437FAF-3D3E-4E69-AE50-2BC6A2A50265}.Debug|ARM.Build.0 = Debug|ARM
		{84437FAF-3D3E-4E69-AE50-2BC6A2A50265}.Debug|Win32.ActiveCfg = Debug|Win32
		{84437FAF-3D3E-4E69-AE50-2BC6A2A50265}.Debug|Win32.Build.0 = Debug|Win32
		{84437FAF-3D3E-4E69-AE50-2BC6A2A50265}.Release|ARM.ActiveCfg = Release|ARM
		{84437FAF-3D3E-4E69-AE50-2BC6A2A50265}.Release|ARM.Build.0 = Release|ARM
		{84437FAF-3D3E-4E69-AE50-2BC6A2A50265}.Release|Win32.ActiveCfg = Release|Win32
		{84437FAF-3D3E-4E69-AE50-2BC6A2A50265}.Release|Win32.Build.0 = Release|Win32
		{1492CC87-392E-44E8-8EDE-C07391A971EF}.Debug|ARM.ActiveCfg = Debug|ARM
		{1492CC87-392E-44E8-8EDE-C07391A971EF}.Debug|ARM.Build.0 = Debug|ARM
		{1492CC87-392E-44E8-8EDE-C07391A971EF}.Debug|Win32.ActiveCfg = Debug|Win32
		{1492CC87-392E-44E8-8EDE-C07391A971EF}.Debug|Win32.Build.0 = Debug|Win32
		{1492CC87-392E-44E8-8EDE-C07391A971EF}.Release|ARM.ActiveCfg = Release|ARM
		{1492CC87-392E-44E8-8EDE-C07391A971EF}.Release|ARM.Build.0 = Release|ARM
		{1492CC87-392E-44E8-8EDE-C07391A971EF}.Release|Win32.ActiveCfg = Release|Win32
		{1492CC87-392E-44E8-8EDE-C07391A971EF}.Release|Win32.Build.0 = Release|Win32
		{89056781-C3B2-449B-9E1C-CCA4B6FED5EC}.Debug|ARM.ActiveCfg = Debug|ARM
		{89056781-C3B2-449B-9E1C-CCA4B6FED5EC}.Debug|ARM.Build.0 = Debug|ARM
		{89056781-C3B2-449B-9E1C-CCA4B6FED5EC}.Debug|Win32.ActiveCfg = Debug|Win32
		{89056781-C3B2-449B-9E1C-CCA4B6FED5EC}.Debug|Win32.Build.0 = Debug|Win32
		{89056781-C3B2-449B-9E1C-CCA4B6FED5EC}.Release|ARM.ActiveCfg = Release|ARM
		{89056781-C3B2-449B-9E1C-CCA4B6FED5EC}.Release|ARM.Build.0 = Release|ARM
		{89056781-C3B2-449B-9E1C-CCA4B6FED5EC}.Release|Win32.ActiveCfg = Release|Win32
		{89056781-C3B2-449B-9E1C-CCA4B6FED5EC}.Release|Win32.Build.0 = Release|Win32
		{6424F190-E9FF-41E8-A27F-3A2673548041}.Debug|ARM.ActiveCfg = Debug|ARM
		{6424F190-E9FF-41E8-A27F-3A2673548041}.Debug|ARM.Build.0 = Debug|ARM
		{6424F190-E9FF-41E8-A27F-3A2673548041}.Debug|Win32.ActiveCfg = Debug|Win32
		{6424F190-E9FF-41E8-A27F-3A2673548041}.Debug|Win32.Build.0 = Debug|Win32
		{6424F190-E9FF-41E8-A27F-3A2673548041}.Release|ARM.ActiveCfg = Release|ARM
		{6424F190-E9FF-41E8-A27F-3A2673548041}.Release|ARM.Build.0 = Release|ARM
		{6424F190-E9FF-41E8-A27F-3A2673548041}.Release|Win32.ActiveCfg = Release|Win32
		{6424F190-E9FF-41E8-A27F-3A2673548041}.Release|Win32.Build.0 = Release|Win32
	EndGlobalSection
	GlobalSection(SolutionProperties) = preSolution
		HideSolutionNode = FALSE
	EndGlobalSection
EndGlobal
