<?xml version="1.0" encoding="utf-8"?>
<Project ToolsVersion="4.0" xmlns="http://schemas.microsoft.com/developer/msbuild/2003">
  <ItemGroup>
    <Filter Include="Source Files">
      <UniqueIdentifier>{c5b291f3-3fde-4dc3-bd8e-fecfe259c26f}</UniqueIdentifier>
    </Filter>
    <Filter Include="Public Header Files">
      <UniqueIdentifier>{de869ef4-f4e9-469c-8855-b6927e76a94f}</UniqueIdentifier>
    </Filter>
    <Filter Include="Internal Header Files">
      <UniqueIdentifier>{2410e35a-6761-4baa-b5c9-f371da516972}</UniqueIdentifier>
    </Filter>
  </ItemGroup>
  <ItemGroup>
    <ClCompile Include="apr_dbd_sqlite2.c">
      <Filter>Source Files</Filter>
    </ClCompile>
  </ItemGroup>
  <ItemGroup>
    <ClInclude Include="..\include\apr_dbd.h">
      <Filter>Public Header Files</Filter>
    </ClInclude>
    <ClInclude Include="..\include\private\apu_config.h">
      <Filter>Internal Header Files</Filter>
    </ClInclude>
    <ClInclude Include="..\include\private\apu_dbd_internal.h">
      <Filter>Internal Header Files</Filter>
    </ClInclude>
    <ClInclude Include="..\include\private\apu_internal.h">
      <Filter>Internal Header Files</Filter>
    </ClInclude>
  </ItemGroup>
  <ItemGroup>
    <ResourceCompile Include="..\libaprutil.rc" />
  </ItemGroup>
</Project>