
Microsoft Visual Studio Solution File, Format Version 12.00
# Visual Studio 2012
Project("{8BC9CEB8-8B4A-11D0-8D11-00A0C91BC942}") = "libssh2", "libssh2.vcxproj", "{95261A99-1520-4362-B6E9-779B7639CDCA}"
EndProject
Project("{8BC9CEB8-8B4A-11D0-8D11-00A0C91BC942}") = "tests", "tests.vcxproj", "{B68E3FCA-99FF-442B-A5B6-4722A82724CA}"
EndProject
Global
	GlobalSection(SolutionConfigurationPlatforms) = preSolution
		Debug|ARM = Debug|ARM
		Debug|Win32 = Debug|Win32
		DLL Debug|ARM = DLL Debug|ARM
		DLL Debug|Win32 = DLL Debug|Win32
		DLL Release|ARM = DLL Release|ARM
		DLL Release|Win32 = DLL Release|Win32
		LIB Debug|ARM = LIB Debug|ARM
		LIB Debug|Win32 = LIB Debug|Win32
		LIB Release|ARM = LIB Release|ARM
		LIB Release|Win32 = LIB Release|Win32
		Release|ARM = Release|ARM
		Release|Win32 = Release|Win32
		Template|ARM = Template|ARM
		Template|Win32 = Template|Win32
	EndGlobalSection
	GlobalSection(ProjectConfigurationPlatforms) = postSolution
		{95261A99-1520-4362-B6E9-779B7639CDCA}.Debug|ARM.ActiveCfg = LIB Debug|ARM
		{95261A99-1520-4362-B6E9-779B7639CDCA}.Debug|ARM.Build.0 = LIB Debug|ARM
		{95261A99-1520-4362-B6E9-779B7639CDCA}.Debug|Win32.ActiveCfg = LIB Debug|Win32
		{95261A99-1520-4362-B6E9-779B7639CDCA}.Debug|Win32.Build.0 = LIB Debug|Win32
		{95261A99-1520-4362-B6E9-779B7639CDCA}.Debug|Win32.Deploy.0 = LIB Debug|Win32
		{95261A99-1520-4362-B6E9-779B7639CDCA}.DLL Debug|ARM.ActiveCfg = DLL Debug|ARM
		{95261A99-1520-4362-B6E9-779B7639CDCA}.DLL Debug|ARM.Build.0 = DLL Debug|ARM
		{95261A99-1520-4362-B6E9-779B7639CDCA}.DLL Debug|Win32.ActiveCfg = DLL Debug|Win32
		{95261A99-1520-4362-B6E9-779B7639CDCA}.DLL Debug|Win32.Build.0 = DLL Debug|Win32
		{95261A99-1520-4362-B6E9-779B7639CDCA}.DLL Debug|Win32.Deploy.0 = DLL Debug|Win32
		{95261A99-1520-4362-B6E9-779B7639CDCA}.DLL Release|ARM.ActiveCfg = DLL Release|ARM
		{95261A99-1520-4362-B6E9-779B7639CDCA}.DLL Release|ARM.Build.0 = DLL Release|ARM
		{95261A99-1520-4362-B6E9-779B7639CDCA}.DLL Release|Win32.ActiveCfg = DLL Release|Win32
		{95261A99-1520-4362-B6E9-779B7639CDCA}.DLL Release|Win32.Build.0 = DLL Release|Win32
		{95261A99-1520-4362-B6E9-779B7639CDCA}.DLL Release|Win32.Deploy.0 = DLL Release|Win32
		{95261A99-1520-4362-B6E9-779B7639CDCA}.LIB Debug|ARM.ActiveCfg = LIB Debug|ARM
		{95261A99-1520-4362-B6E9-779B7639CDCA}.LIB Debug|ARM.Build.0 = LIB Debug|ARM
		{95261A99-1520-4362-B6E9-779B7639CDCA}.LIB Debug|Win32.ActiveCfg = LIB Debug|Win32
		{95261A99-1520-4362-B6E9-779B7639CDCA}.LIB Debug|Win32.Build.0 = LIB Debug|Win32
		{95261A99-1520-4362-B6E9-779B7639CDCA}.LIB Debug|Win32.Deploy.0 = LIB Debug|Win32
		{95261A99-1520-4362-B6E9-779B7639CDCA}.LIB Release|ARM.ActiveCfg = LIB Release|ARM
		{95261A99-1520-4362-B6E9-779B7639CDCA}.LIB Release|ARM.Build.0 = LIB Release|ARM
		{95261A99-1520-4362-B6E9-779B7639CDCA}.LIB Release|Win32.ActiveCfg = LIB Release|Win32
		{95261A99-1520-4362-B6E9-779B7639CDCA}.LIB Release|Win32.Build.0 = LIB Release|Win32
		{95261A99-1520-4362-B6E9-779B7639CDCA}.LIB Release|Win32.Deploy.0 = LIB Release|Win32
		{95261A99-1520-4362-B6E9-779B7639CDCA}.Release|ARM.ActiveCfg = LIB Release|ARM
		{95261A99-1520-4362-B6E9-779B7639CDCA}.Release|ARM.Build.0 = LIB Release|ARM
		{95261A99-1520-4362-B6E9-779B7639CDCA}.Release|Win32.ActiveCfg = LIB Release|Win32
		{95261A99-1520-4362-B6E9-779B7639CDCA}.Release|Win32.Build.0 = LIB Release|Win32
		{95261A99-1520-4362-B6E9-779B7639CDCA}.Release|Win32.Deploy.0 = LIB Release|Win32
		{95261A99-1520-4362-B6E9-779B7639CDCA}.Template|ARM.ActiveCfg = LIB Release|ARM
		{95261A99-1520-4362-B6E9-779B7639CDCA}.Template|ARM.Build.0 = LIB Release|ARM
		{95261A99-1520-4362-B6E9-779B7639CDCA}.Template|Win32.ActiveCfg = LIB Release|Win32
		{95261A99-1520-4362-B6E9-779B7639CDCA}.Template|Win32.Build.0 = LIB Release|Win32
		{95261A99-1520-4362-B6E9-779B7639CDCA}.Template|Win32.Deploy.0 = LIB Release|Win32
		{B68E3FCA-99FF-442B-A5B6-4722A82724CA}.Debug|ARM.ActiveCfg = Debug|ARM
		{B68E3FCA-99FF-442B-A5B6-4722A82724CA}.Debug|ARM.Build.0 = Debug|ARM
		{B68E3FCA-99FF-442B-A5B6-4722A82724CA}.Debug|Win32.ActiveCfg = Debug|Win32
		{B68E3FCA-99FF-442B-A5B6-4722A82724CA}.Debug|Win32.Build.0 = Debug|Win32
		{B68E3FCA-99FF-442B-A5B6-4722A82724CA}.Debug|Win32.Deploy.0 = Debug|Win32
		{B68E3FCA-99FF-442B-A5B6-4722A82724CA}.DLL Debug|ARM.ActiveCfg = Debug|ARM
		{B68E3FCA-99FF-442B-A5B6-4722A82724CA}.DLL Debug|ARM.Build.0 = Debug|ARM
		{B68E3FCA-99FF-442B-A5B6-4722A82724CA}.DLL Debug|Win32.ActiveCfg = Debug|Win32
		{B68E3FCA-99FF-442B-A5B6-4722A82724CA}.DLL Debug|Win32.Build.0 = Debug|Win32
		{B68E3FCA-99FF-442B-A5B6-4722A82724CA}.DLL Debug|Win32.Deploy.0 = Debug|Win32
		{B68E3FCA-99FF-442B-A5B6-4722A82724CA}.DLL Release|ARM.ActiveCfg = Release|ARM
		{B68E3FCA-99FF-442B-A5B6-4722A82724CA}.DLL Release|ARM.Build.0 = Release|ARM
		{B68E3FCA-99FF-442B-A5B6-4722A82724CA}.DLL Release|Win32.ActiveCfg = Release|Win32
		{B68E3FCA-99FF-442B-A5B6-4722A82724CA}.DLL Release|Win32.Build.0 = Release|Win32
		{B68E3FCA-99FF-442B-A5B6-4722A82724CA}.DLL Release|Win32.Deploy.0 = Release|Win32
		{B68E3FCA-99FF-442B-A5B6-4722A82724CA}.LIB Debug|ARM.ActiveCfg = Debug|ARM
		{B68E3FCA-99FF-442B-A5B6-4722A82724CA}.LIB Debug|ARM.Build.0 = Debug|ARM
		{B68E3FCA-99FF-442B-A5B6-4722A82724CA}.LIB Debug|Win32.ActiveCfg = Debug|Win32
		{B68E3FCA-99FF-442B-A5B6-4722A82724CA}.LIB Debug|Win32.Build.0 = Debug|Win32
		{B68E3FCA-99FF-442B-A5B6-4722A82724CA}.LIB Debug|Win32.Deploy.0 = Debug|Win32
		{B68E3FCA-99FF-442B-A5B6-4722A82724CA}.LIB Release|ARM.ActiveCfg = Release|ARM
		{B68E3FCA-99FF-442B-A5B6-4722A82724CA}.LIB Release|ARM.Build.0 = Release|ARM
		{B68E3FCA-99FF-442B-A5B6-4722A82724CA}.LIB Release|Win32.ActiveCfg = Release|Win32
		{B68E3FCA-99FF-442B-A5B6-4722A82724CA}.LIB Release|Win32.Build.0 = Release|Win32
		{B68E3FCA-99FF-442B-A5B6-4722A82724CA}.LIB Release|Win32.Deploy.0 = Release|Win32
		{B68E3FCA-99FF-442B-A5B6-4722A82724CA}.Release|ARM.ActiveCfg = Release|ARM
		{B68E3FCA-99FF-442B-A5B6-4722A82724CA}.Release|ARM.Build.0 = Release|ARM
		{B68E3FCA-99FF-442B-A5B6-4722A82724CA}.Release|Win32.ActiveCfg = Release|Win32
		{B68E3FCA-99FF-442B-A5B6-4722A82724CA}.Release|Win32.Build.0 = Release|Win32
		{B68E3FCA-99FF-442B-A5B6-4722A82724CA}.Release|Win32.Deploy.0 = Release|Win32
		{B68E3FCA-99FF-442B-A5B6-4722A82724CA}.Template|ARM.ActiveCfg = Template|ARM
		{B68E3FCA-99FF-442B-A5B6-4722A82724CA}.Template|ARM.Build.0 = Template|ARM
		{B68E3FCA-99FF-442B-A5B6-4722A82724CA}.Template|Win32.ActiveCfg = Template|Win32
		{B68E3FCA-99FF-442B-A5B6-4722A82724CA}.Template|Win32.Build.0 = Template|Win32
		{B68E3FCA-99FF-442B-A5B6-4722A82724CA}.Template|Win32.Deploy.0 = Template|Win32
	EndGlobalSection
	GlobalSection(SolutionProperties) = preSolution
		HideSolutionNode = FALSE
	EndGlobalSection
EndGlobal
