
Microsoft Visual Studio Solution File, Format Version 12.00
# Visual Studio 2012
Project("{8BC9CEB8-8B4A-11D0-8D11-00A0C91BC942}") = "apr", "apr.vcxproj", "{C7A2F268-D7CA-4F1B-8F46-0B12DE371617}"
EndProject
Project("{8BC9CEB8-8B4A-11D0-8D11-00A0C91BC942}") = "aprapp", "build\aprapp.vcxproj", "{4D7862D4-34A1-4462-BC2B-A5E7A740EFA9}"
EndProject
Project("{8BC9CEB8-8B4A-11D0-8D11-00A0C91BC942}") = "libapr", "libapr.vcxproj", "{CFBD396C-0176-4B63-BCB7-001A7AC9581E}"
EndProject
Project("{8BC9CEB8-8B4A-11D0-8D11-00A0C91BC942}") = "libaprapp", "build\libaprapp.vcxproj", "{4AF907D2-7966-4201-8F8D-E944310DB133}"
EndProject
Project("{8BC9CEB8-8B4A-11D0-8D11-00A0C91BC942}") = "preaprapp", "build\preaprapp.vcxproj", "{AD5F7BA9-4DC5-4BB8-A47A-8F7AFDCE484E}"
EndProject
Project("{8BC9CEB8-8B4A-11D0-8D11-00A0C91BC942}") = "prelibaprapp", "build\prelibaprapp.vcxproj", "{CB1E5DDF-8D35-4E6B-9EDA-3C1E91BA4876}"
EndProject
Global
	GlobalSection(SolutionConfigurationPlatforms) = preSolution
		Debug|ARM = Debug|ARM
		Debug|Win32 = Debug|Win32
		Debug|x64 = Debug|x64
		Debug9x|ARM = Debug9x|ARM
		Debug9x|Win32 = Debug9x|Win32
		Debug9x|x64 = Debug9x|x64
		Release|ARM = Release|ARM
		Release|Win32 = Release|Win32
		Release|x64 = Release|x64
		Release9x|ARM = Release9x|ARM
		Release9x|Win32 = Release9x|Win32
		Release9x|x64 = Release9x|x64
		Template|ARM = Template|ARM
		Template|Win32 = Template|Win32
		Template|x64 = Template|x64
	EndGlobalSection
	GlobalSection(ProjectConfigurationPlatforms) = postSolution
		{C7A2F268-D7CA-4F1B-8F46-0B12DE371617}.Debug|ARM.ActiveCfg = Debug|ARM
		{C7A2F268-D7CA-4F1B-8F46-0B12DE371617}.Debug|ARM.Build.0 = Debug|ARM
		{C7A2F268-D7CA-4F1B-8F46-0B12DE371617}.Debug|Win32.ActiveCfg = Debug|Win32
		{C7A2F268-D7CA-4F1B-8F46-0B12DE371617}.Debug|Win32.Build.0 = Debug|Win32
		{C7A2F268-D7CA-4F1B-8F46-0B12DE371617}.Debug|Win32.Deploy.0 = Debug|Win32
		{C7A2F268-D7CA-4F1B-8F46-0B12DE371617}.Debug|x64.ActiveCfg = Debug|x64
		{C7A2F268-D7CA-4F1B-8F46-0B12DE371617}.Debug|x64.Build.0 = Debug|x64
		{C7A2F268-D7CA-4F1B-8F46-0B12DE371617}.Debug9x|ARM.ActiveCfg = Debug9x|ARM
		{C7A2F268-D7CA-4F1B-8F46-0B12DE371617}.Debug9x|ARM.Build.0 = Debug9x|ARM
		{C7A2F268-D7CA-4F1B-8F46-0B12DE371617}.Debug9x|Win32.ActiveCfg = Debug9x|Win32
		{C7A2F268-D7CA-4F1B-8F46-0B12DE371617}.Debug9x|Win32.Build.0 = Debug9x|Win32
		{C7A2F268-D7CA-4F1B-8F46-0B12DE371617}.Debug9x|Win32.Deploy.0 = Debug9x|Win32
		{C7A2F268-D7CA-4F1B-8F46-0B12DE371617}.Debug9x|x64.ActiveCfg = Debug9x|x64
		{C7A2F268-D7CA-4F1B-8F46-0B12DE371617}.Debug9x|x64.Build.0 = Debug9x|x64
		{C7A2F268-D7CA-4F1B-8F46-0B12DE371617}.Release|ARM.ActiveCfg = Release|ARM
		{C7A2F268-D7CA-4F1B-8F46-0B12DE371617}.Release|ARM.Build.0 = Release|ARM
		{C7A2F268-D7CA-4F1B-8F46-0B12DE371617}.Release|Win32.ActiveCfg = Release|Win32
		{C7A2F268-D7CA-4F1B-8F46-0B12DE371617}.Release|Win32.Build.0 = Release|Win32
		{C7A2F268-D7CA-4F1B-8F46-0B12DE371617}.Release|Win32.Deploy.0 = Release|Win32
		{C7A2F268-D7CA-4F1B-8F46-0B12DE371617}.Release|x64.ActiveCfg = Release|x64
		{C7A2F268-D7CA-4F1B-8F46-0B12DE371617}.Release|x64.Build.0 = Release|x64
		{C7A2F268-D7CA-4F1B-8F46-0B12DE371617}.Release9x|ARM.ActiveCfg = Release9x|ARM
		{C7A2F268-D7CA-4F1B-8F46-0B12DE371617}.Release9x|ARM.Build.0 = Release9x|ARM
		{C7A2F268-D7CA-4F1B-8F46-0B12DE371617}.Release9x|Win32.ActiveCfg = Release9x|Win32
		{C7A2F268-D7CA-4F1B-8F46-0B12DE371617}.Release9x|Win32.Build.0 = Release9x|Win32
		{C7A2F268-D7CA-4F1B-8F46-0B12DE371617}.Release9x|Win32.Deploy.0 = Release9x|Win32
		{C7A2F268-D7CA-4F1B-8F46-0B12DE371617}.Release9x|x64.ActiveCfg = Release9x|x64
		{C7A2F268-D7CA-4F1B-8F46-0B12DE371617}.Release9x|x64.Build.0 = Release9x|x64
		{C7A2F268-D7CA-4F1B-8F46-0B12DE371617}.Template|ARM.ActiveCfg = Release9x|ARM
		{C7A2F268-D7CA-4F1B-8F46-0B12DE371617}.Template|ARM.Build.0 = Release9x|ARM
		{C7A2F268-D7CA-4F1B-8F46-0B12DE371617}.Template|Win32.ActiveCfg = Release9x|Win32
		{C7A2F268-D7CA-4F1B-8F46-0B12DE371617}.Template|Win32.Build.0 = Release9x|Win32
		{C7A2F268-D7CA-4F1B-8F46-0B12DE371617}.Template|Win32.Deploy.0 = Release9x|Win32
		{C7A2F268-D7CA-4F1B-8F46-0B12DE371617}.Template|x64.ActiveCfg = Release9x|x64
		{C7A2F268-D7CA-4F1B-8F46-0B12DE371617}.Template|x64.Build.0 = Release9x|x64
		{4D7862D4-34A1-4462-BC2B-A5E7A740EFA9}.Debug|ARM.ActiveCfg = Debug|ARM
		{4D7862D4-34A1-4462-BC2B-A5E7A740EFA9}.Debug|ARM.Build.0 = Debug|ARM
		{4D7862D4-34A1-4462-BC2B-A5E7A740EFA9}.Debug|Win32.ActiveCfg = Debug|Win32
		{4D7862D4-34A1-4462-BC2B-A5E7A740EFA9}.Debug|Win32.Build.0 = Debug|Win32
		{4D7862D4-34A1-4462-BC2B-A5E7A740EFA9}.Debug|Win32.Deploy.0 = Debug|Win32
		{4D7862D4-34A1-4462-BC2B-A5E7A740EFA9}.Debug|x64.ActiveCfg = Debug|x64
		{4D7862D4-34A1-4462-BC2B-A5E7A740EFA9}.Debug|x64.Build.0 = Debug|x64
		{4D7862D4-34A1-4462-BC2B-A5E7A740EFA9}.Debug9x|ARM.ActiveCfg = Debug9x|ARM
		{4D7862D4-34A1-4462-BC2B-A5E7A740EFA9}.Debug9x|ARM.Build.0 = Debug9x|ARM
		{4D7862D4-34A1-4462-BC2B-A5E7A740EFA9}.Debug9x|Win32.ActiveCfg = Debug9x|Win32
		{4D7862D4-34A1-4462-BC2B-A5E7A740EFA9}.Debug9x|Win32.Build.0 = Debug9x|Win32
		{4D7862D4-34A1-4462-BC2B-A5E7A740EFA9}.Debug9x|Win32.Deploy.0 = Debug9x|Win32
		{4D7862D4-34A1-4462-BC2B-A5E7A740EFA9}.Debug9x|x64.ActiveCfg = Debug9x|x64
		{4D7862D4-34A1-4462-BC2B-A5E7A740EFA9}.Debug9x|x64.Build.0 = Debug9x|x64
		{4D7862D4-34A1-4462-BC2B-A5E7A740EFA9}.Release|ARM.ActiveCfg = Release|ARM
		{4D7862D4-34A1-4462-BC2B-A5E7A740EFA9}.Release|ARM.Build.0 = Release|ARM
		{4D7862D4-34A1-4462-BC2B-A5E7A740EFA9}.Release|Win32.ActiveCfg = Release|Win32
		{4D7862D4-34A1-4462-BC2B-A5E7A740EFA9}.Release|Win32.Build.0 = Release|Win32
		{4D7862D4-34A1-4462-BC2B-A5E7A740EFA9}.Release|Win32.Deploy.0 = Release|Win32
		{4D7862D4-34A1-4462-BC2B-A5E7A740EFA9}.Release|x64.ActiveCfg = Release|x64
		{4D7862D4-34A1-4462-BC2B-A5E7A740EFA9}.Release|x64.Build.0 = Release|x64
		{4D7862D4-34A1-4462-BC2B-A5E7A740EFA9}.Release9x|ARM.ActiveCfg = Release9x|ARM
		{4D7862D4-34A1-4462-BC2B-A5E7A740EFA9}.Release9x|ARM.Build.0 = Release9x|ARM
		{4D7862D4-34A1-4462-BC2B-A5E7A740EFA9}.Release9x|Win32.ActiveCfg = Release9x|Win32
		{4D7862D4-34A1-4462-BC2B-A5E7A740EFA9}.Release9x|Win32.Build.0 = Release9x|Win32
		{4D7862D4-34A1-4462-BC2B-A5E7A740EFA9}.Release9x|Win32.Deploy.0 = Release9x|Win32
		{4D7862D4-34A1-4462-BC2B-A5E7A740EFA9}.Release9x|x64.ActiveCfg = Release9x|x64
		{4D7862D4-34A1-4462-BC2B-A5E7A740EFA9}.Release9x|x64.Build.0 = Release9x|x64
		{4D7862D4-34A1-4462-BC2B-A5E7A740EFA9}.Template|ARM.ActiveCfg = Template|ARM
		{4D7862D4-34A1-4462-BC2B-A5E7A740EFA9}.Template|ARM.Build.0 = Template|ARM
		{4D7862D4-34A1-4462-BC2B-A5E7A740EFA9}.Template|Win32.ActiveCfg = Template|Win32
		{4D7862D4-34A1-4462-BC2B-A5E7A740EFA9}.Template|Win32.Build.0 = Template|Win32
		{4D7862D4-34A1-4462-BC2B-A5E7A740EFA9}.Template|Win32.Deploy.0 = Template|Win32
		{4D7862D4-34A1-4462-BC2B-A5E7A740EFA9}.Template|x64.ActiveCfg = Template|x64
		{4D7862D4-34A1-4462-BC2B-A5E7A740EFA9}.Template|x64.Build.0 = Template|x64
		{CFBD396C-0176-4B63-BCB7-001A7AC9581E}.Debug|ARM.ActiveCfg = Debug|ARM
		{CFBD396C-0176-4B63-BCB7-001A7AC9581E}.Debug|ARM.Build.0 = Debug|ARM
		{CFBD396C-0176-4B63-BCB7-001A7AC9581E}.Debug|Win32.ActiveCfg = Debug|Win32
		{CFBD396C-0176-4B63-BCB7-001A7AC9581E}.Debug|Win32.Build.0 = Debug|Win32
		{CFBD396C-0176-4B63-BCB7-001A7AC9581E}.Debug|Win32.Deploy.0 = Debug|Win32
		{CFBD396C-0176-4B63-BCB7-001A7AC9581E}.Debug|x64.ActiveCfg = Debug|x64
		{CFBD396C-0176-4B63-BCB7-001A7AC9581E}.Debug|x64.Build.0 = Debug|x64
		{CFBD396C-0176-4B63-BCB7-001A7AC9581E}.Debug9x|ARM.ActiveCfg = Debug9x|ARM
		{CFBD396C-0176-4B63-BCB7-001A7AC9581E}.Debug9x|ARM.Build.0 = Debug9x|ARM
		{CFBD396C-0176-4B63-BCB7-001A7AC9581E}.Debug9x|Win32.ActiveCfg = Debug9x|Win32
		{CFBD396C-0176-4B63-BCB7-001A7AC9581E}.Debug9x|Win32.Build.0 = Debug9x|Win32
		{CFBD396C-0176-4B63-BCB7-001A7AC9581E}.Debug9x|Win32.Deploy.0 = Debug9x|Win32
		{CFBD396C-0176-4B63-BCB7-001A7AC9581E}.Debug9x|x64.ActiveCfg = Debug9x|x64
		{CFBD396C-0176-4B63-BCB7-001A7AC9581E}.Debug9x|x64.Build.0 = Debug9x|x64
		{CFBD396C-0176-4B63-BCB7-001A7AC9581E}.Release|ARM.ActiveCfg = Release|ARM
		{CFBD396C-0176-4B63-BCB7-001A7AC9581E}.Release|ARM.Build.0 = Release|ARM
		{CFBD396C-0176-4B63-BCB7-001A7AC9581E}.Release|Win32.ActiveCfg = Release|Win32
		{CFBD396C-0176-4B63-BCB7-001A7AC9581E}.Release|Win32.Build.0 = Release|Win32
		{CFBD396C-0176-4B63-BCB7-001A7AC9581E}.Release|Win32.Deploy.0 = Release|Win32
		{CFBD396C-0176-4B63-BCB7-001A7AC9581E}.Release|x64.ActiveCfg = Release|x64
		{CFBD396C-0176-4B63-BCB7-001A7AC9581E}.Release|x64.Build.0 = Release|x64
		{CFBD396C-0176-4B63-BCB7-001A7AC9581E}.Release9x|ARM.ActiveCfg = Release9x|ARM
		{CFBD396C-0176-4B63-BCB7-001A7AC9581E}.Release9x|ARM.Build.0 = Release9x|ARM
		{CFBD396C-0176-4B63-BCB7-001A7AC9581E}.Release9x|Win32.ActiveCfg = Release9x|Win32
		{CFBD396C-0176-4B63-BCB7-001A7AC9581E}.Release9x|Win32.Build.0 = Release9x|Win32
		{CFBD396C-0176-4B63-BCB7-001A7AC9581E}.Release9x|Win32.Deploy.0 = Release9x|Win32
		{CFBD396C-0176-4B63-BCB7-001A7AC9581E}.Release9x|x64.ActiveCfg = Release9x|x64
		{CFBD396C-0176-4B63-BCB7-001A7AC9581E}.Release9x|x64.Build.0 = Release9x|x64
		{CFBD396C-0176-4B63-BCB7-001A7AC9581E}.Template|ARM.ActiveCfg = Template|ARM
		{CFBD396C-0176-4B63-BCB7-001A7AC9581E}.Template|ARM.Build.0 = Template|ARM
		{CFBD396C-0176-4B63-BCB7-001A7AC9581E}.Template|Win32.ActiveCfg = Template|Win32
		{CFBD396C-0176-4B63-BCB7-001A7AC9581E}.Template|Win32.Build.0 = Template|Win32
		{CFBD396C-0176-4B63-BCB7-001A7AC9581E}.Template|Win32.Deploy.0 = Template|Win32
		{CFBD396C-0176-4B63-BCB7-001A7AC9581E}.Template|x64.ActiveCfg = Template|x64
		{CFBD396C-0176-4B63-BCB7-001A7AC9581E}.Template|x64.Build.0 = Template|x64
		{4AF907D2-7966-4201-8F8D-E944310DB133}.Debug|ARM.ActiveCfg = Debug|ARM
		{4AF907D2-7966-4201-8F8D-E944310DB133}.Debug|ARM.Build.0 = Debug|ARM
		{4AF907D2-7966-4201-8F8D-E944310DB133}.Debug|Win32.ActiveCfg = Debug|Win32
		{4AF907D2-7966-4201-8F8D-E944310DB133}.Debug|Win32.Build.0 = Debug|Win32
		{4AF907D2-7966-4201-8F8D-E944310DB133}.Debug|Win32.Deploy.0 = Debug|Win32
		{4AF907D2-7966-4201-8F8D-E944310DB133}.Debug|x64.ActiveCfg = Debug|x64
		{4AF907D2-7966-4201-8F8D-E944310DB133}.Debug|x64.Build.0 = Debug|x64
		{4AF907D2-7966-4201-8F8D-E944310DB133}.Debug9x|ARM.ActiveCfg = Debug9x|ARM
		{4AF907D2-7966-4201-8F8D-E944310DB133}.Debug9x|ARM.Build.0 = Debug9x|ARM
		{4AF907D2-7966-4201-8F8D-E944310DB133}.Debug9x|Win32.ActiveCfg = Debug9x|Win32
		{4AF907D2-7966-4201-8F8D-E944310DB133}.Debug9x|Win32.Build.0 = Debug9x|Win32
		{4AF907D2-7966-4201-8F8D-E944310DB133}.Debug9x|Win32.Deploy.0 = Debug9x|Win32
		{4AF907D2-7966-4201-8F8D-E944310DB133}.Debug9x|x64.ActiveCfg = Debug9x|x64
		{4AF907D2-7966-4201-8F8D-E944310DB133}.Debug9x|x64.Build.0 = Debug9x|x64
		{4AF907D2-7966-4201-8F8D-E944310DB133}.Release|ARM.ActiveCfg = Release|ARM
		{4AF907D2-7966-4201-8F8D-E944310DB133}.Release|ARM.Build.0 = Release|ARM
		{4AF907D2-7966-4201-8F8D-E944310DB133}.Release|Win32.ActiveCfg = Release|Win32
		{4AF907D2-7966-4201-8F8D-E944310DB133}.Release|Win32.Build.0 = Release|Win32
		{4AF907D2-7966-4201-8F8D-E944310DB133}.Release|Win32.Deploy.0 = Release|Win32
		{4AF907D2-7966-4201-8F8D-E944310DB133}.Release|x64.ActiveCfg = Release|x64
		{4AF907D2-7966-4201-8F8D-E944310DB133}.Release|x64.Build.0 = Release|x64
		{4AF907D2-7966-4201-8F8D-E944310DB133}.Release9x|ARM.ActiveCfg = Release9x|ARM
		{4AF907D2-7966-4201-8F8D-E944310DB133}.Release9x|ARM.Build.0 = Release9x|ARM
		{4AF907D2-7966-4201-8F8D-E944310DB133}.Release9x|Win32.ActiveCfg = Release9x|Win32
		{4AF907D2-7966-4201-8F8D-E944310DB133}.Release9x|Win32.Build.0 = Release9x|Win32
		{4AF907D2-7966-4201-8F8D-E944310DB133}.Release9x|Win32.Deploy.0 = Release9x|Win32
		{4AF907D2-7966-4201-8F8D-E944310DB133}.Release9x|x64.ActiveCfg = Release9x|x64
		{4AF907D2-7966-4201-8F8D-E944310DB133}.Release9x|x64.Build.0 = Release9x|x64
		{4AF907D2-7966-4201-8F8D-E944310DB133}.Template|ARM.ActiveCfg = Template|ARM
		{4AF907D2-7966-4201-8F8D-E944310DB133}.Template|ARM.Build.0 = Template|ARM
		{4AF907D2-7966-4201-8F8D-E944310DB133}.Template|Win32.ActiveCfg = Template|Win32
		{4AF907D2-7966-4201-8F8D-E944310DB133}.Template|Win32.Build.0 = Template|Win32
		{4AF907D2-7966-4201-8F8D-E944310DB133}.Template|Win32.Deploy.0 = Template|Win32
		{4AF907D2-7966-4201-8F8D-E944310DB133}.Template|x64.ActiveCfg = Template|x64
		{4AF907D2-7966-4201-8F8D-E944310DB133}.Template|x64.Build.0 = Template|x64
		{AD5F7BA9-4DC5-4BB8-A47A-8F7AFDCE484E}.Debug|ARM.ActiveCfg = Debug|ARM
		{AD5F7BA9-4DC5-4BB8-A47A-8F7AFDCE484E}.Debug|ARM.Build.0 = Debug|ARM
		{AD5F7BA9-4DC5-4BB8-A47A-8F7AFDCE484E}.Debug|Win32.ActiveCfg = Debug|Win32
		{AD5F7BA9-4DC5-4BB8-A47A-8F7AFDCE484E}.Debug|Win32.Build.0 = Debug|Win32
		{AD5F7BA9-4DC5-4BB8-A47A-8F7AFDCE484E}.Debug|Win32.Deploy.0 = Debug|Win32
		{AD5F7BA9-4DC5-4BB8-A47A-8F7AFDCE484E}.Debug|x64.ActiveCfg = Debug|x64
		{AD5F7BA9-4DC5-4BB8-A47A-8F7AFDCE484E}.Debug|x64.Build.0 = Debug|x64
		{AD5F7BA9-4DC5-4BB8-A47A-8F7AFDCE484E}.Debug9x|ARM.ActiveCfg = Debug9x|ARM
		{AD5F7BA9-4DC5-4BB8-A47A-8F7AFDCE484E}.Debug9x|ARM.Build.0 = Debug9x|ARM
		{AD5F7BA9-4DC5-4BB8-A47A-8F7AFDCE484E}.Debug9x|Win32.ActiveCfg = Debug9x|Win32
		{AD5F7BA9-4DC5-4BB8-A47A-8F7AFDCE484E}.Debug9x|Win32.Build.0 = Debug9x|Win32
		{AD5F7BA9-4DC5-4BB8-A47A-8F7AFDCE484E}.Debug9x|Win32.Deploy.0 = Debug9x|Win32
		{AD5F7BA9-4DC5-4BB8-A47A-8F7AFDCE484E}.Debug9x|x64.ActiveCfg = Debug9x|x64
		{AD5F7BA9-4DC5-4BB8-A47A-8F7AFDCE484E}.Debug9x|x64.Build.0 = Debug9x|x64
		{AD5F7BA9-4DC5-4BB8-A47A-8F7AFDCE484E}.Release|ARM.ActiveCfg = Release|ARM
		{AD5F7BA9-4DC5-4BB8-A47A-8F7AFDCE484E}.Release|ARM.Build.0 = Release|ARM
		{AD5F7BA9-4DC5-4BB8-A47A-8F7AFDCE484E}.Release|Win32.ActiveCfg = Release|Win32
		{AD5F7BA9-4DC5-4BB8-A47A-8F7AFDCE484E}.Release|Win32.Build.0 = Release|Win32
		{AD5F7BA9-4DC5-4BB8-A47A-8F7AFDCE484E}.Release|Win32.Deploy.0 = Release|Win32
		{AD5F7BA9-4DC5-4BB8-A47A-8F7AFDCE484E}.Release|x64.ActiveCfg = Release|x64
		{AD5F7BA9-4DC5-4BB8-A47A-8F7AFDCE484E}.Release|x64.Build.0 = Release|x64
		{AD5F7BA9-4DC5-4BB8-A47A-8F7AFDCE484E}.Release9x|ARM.ActiveCfg = Release9x|ARM
		{AD5F7BA9-4DC5-4BB8-A47A-8F7AFDCE484E}.Release9x|ARM.Build.0 = Release9x|ARM
		{AD5F7BA9-4DC5-4BB8-A47A-8F7AFDCE484E}.Release9x|Win32.ActiveCfg = Release9x|Win32
		{AD5F7BA9-4DC5-4BB8-A47A-8F7AFDCE484E}.Release9x|Win32.Build.0 = Release9x|Win32
		{AD5F7BA9-4DC5-4BB8-A47A-8F7AFDCE484E}.Release9x|Win32.Deploy.0 = Release9x|Win32
		{AD5F7BA9-4DC5-4BB8-A47A-8F7AFDCE484E}.Release9x|x64.ActiveCfg = Release9x|x64
		{AD5F7BA9-4DC5-4BB8-A47A-8F7AFDCE484E}.Release9x|x64.Build.0 = Release9x|x64
		{AD5F7BA9-4DC5-4BB8-A47A-8F7AFDCE484E}.Template|ARM.ActiveCfg = Template|ARM
		{AD5F7BA9-4DC5-4BB8-A47A-8F7AFDCE484E}.Template|ARM.Build.0 = Template|ARM
		{AD5F7BA9-4DC5-4BB8-A47A-8F7AFDCE484E}.Template|Win32.ActiveCfg = Template|Win32
		{AD5F7BA9-4DC5-4BB8-A47A-8F7AFDCE484E}.Template|Win32.Build.0 = Template|Win32
		{AD5F7BA9-4DC5-4BB8-A47A-8F7AFDCE484E}.Template|Win32.Deploy.0 = Template|Win32
		{AD5F7BA9-4DC5-4BB8-A47A-8F7AFDCE484E}.Template|x64.ActiveCfg = Template|x64
		{AD5F7BA9-4DC5-4BB8-A47A-8F7AFDCE484E}.Template|x64.Build.0 = Template|x64
		{CB1E5DDF-8D35-4E6B-9EDA-3C1E91BA4876}.Debug|ARM.ActiveCfg = Debug|ARM
		{CB1E5DDF-8D35-4E6B-9EDA-3C1E91BA4876}.Debug|ARM.Build.0 = Debug|ARM
		{CB1E5DDF-8D35-4E6B-9EDA-3C1E91BA4876}.Debug|Win32.ActiveCfg = Debug|Win32
		{CB1E5DDF-8D35-4E6B-9EDA-3C1E91BA4876}.Debug|Win32.Build.0 = Debug|Win32
		{CB1E5DDF-8D35-4E6B-9EDA-3C1E91BA4876}.Debug|Win32.Deploy.0 = Debug|Win32
		{CB1E5DDF-8D35-4E6B-9EDA-3C1E91BA4876}.Debug|x64.ActiveCfg = Debug|x64
		{CB1E5DDF-8D35-4E6B-9EDA-3C1E91BA4876}.Debug|x64.Build.0 = Debug|x64
		{CB1E5DDF-8D35-4E6B-9EDA-3C1E91BA4876}.Debug9x|ARM.ActiveCfg = Debug9x|ARM
		{CB1E5DDF-8D35-4E6B-9EDA-3C1E91BA4876}.Debug9x|ARM.Build.0 = Debug9x|ARM
		{CB1E5DDF-8D35-4E6B-9EDA-3C1E91BA4876}.Debug9x|Win32.ActiveCfg = Debug9x|Win32
		{CB1E5DDF-8D35-4E6B-9EDA-3C1E91BA4876}.Debug9x|Win32.Build.0 = Debug9x|Win32
		{CB1E5DDF-8D35-4E6B-9EDA-3C1E91BA4876}.Debug9x|Win32.Deploy.0 = Debug9x|Win32
		{CB1E5DDF-8D35-4E6B-9EDA-3C1E91BA4876}.Debug9x|x64.ActiveCfg = Debug9x|x64
		{CB1E5DDF-8D35-4E6B-9EDA-3C1E91BA4876}.Debug9x|x64.Build.0 = Debug9x|x64
		{CB1E5DDF-8D35-4E6B-9EDA-3C1E91BA4876}.Release|ARM.ActiveCfg = Release|ARM
		{CB1E5DDF-8D35-4E6B-9EDA-3C1E91BA4876}.Release|ARM.Build.0 = Release|ARM
		{CB1E5DDF-8D35-4E6B-9EDA-3C1E91BA4876}.Release|Win32.ActiveCfg = Release|Win32
		{CB1E5DDF-8D35-4E6B-9EDA-3C1E91BA4876}.Release|Win32.Build.0 = Release|Win32
		{CB1E5DDF-8D35-4E6B-9EDA-3C1E91BA4876}.Release|Win32.Deploy.0 = Release|Win32
		{CB1E5DDF-8D35-4E6B-9EDA-3C1E91BA4876}.Release|x64.ActiveCfg = Release|x64
		{CB1E5DDF-8D35-4E6B-9EDA-3C1E91BA4876}.Release|x64.Build.0 = Release|x64
		{CB1E5DDF-8D35-4E6B-9EDA-3C1E91BA4876}.Release9x|ARM.ActiveCfg = Release9x|ARM
		{CB1E5DDF-8D35-4E6B-9EDA-3C1E91BA4876}.Release9x|ARM.Build.0 = Release9x|ARM
		{CB1E5DDF-8D35-4E6B-9EDA-3C1E91BA4876}.Release9x|Win32.ActiveCfg = Release9x|Win32
		{CB1E5DDF-8D35-4E6B-9EDA-3C1E91BA4876}.Release9x|Win32.Build.0 = Release9x|Win32
		{CB1E5DDF-8D35-4E6B-9EDA-3C1E91BA4876}.Release9x|Win32.Deploy.0 = Release9x|Win32
		{CB1E5DDF-8D35-4E6B-9EDA-3C1E91BA4876}.Release9x|x64.ActiveCfg = Release9x|x64
		{CB1E5DDF-8D35-4E6B-9EDA-3C1E91BA4876}.Release9x|x64.Build.0 = Release9x|x64
		{CB1E5DDF-8D35-4E6B-9EDA-3C1E91BA4876}.Template|ARM.ActiveCfg = Template|ARM
		{CB1E5DDF-8D35-4E6B-9EDA-3C1E91BA4876}.Template|ARM.Build.0 = Template|ARM
		{CB1E5DDF-8D35-4E6B-9EDA-3C1E91BA4876}.Template|Win32.ActiveCfg = Template|Win32
		{CB1E5DDF-8D35-4E6B-9EDA-3C1E91BA4876}.Template|Win32.Build.0 = Template|Win32
		{CB1E5DDF-8D35-4E6B-9EDA-3C1E91BA4876}.Template|Win32.Deploy.0 = Template|Win32
		{CB1E5DDF-8D35-4E6B-9EDA-3C1E91BA4876}.Template|x64.ActiveCfg = Template|x64
		{CB1E5DDF-8D35-4E6B-9EDA-3C1E91BA4876}.Template|x64.Build.0 = Template|x64
	EndGlobalSection
	GlobalSection(SolutionProperties) = preSolution
		HideSolutionNode = FALSE
	EndGlobalSection
EndGlobal
