<?xml version="1.0" encoding="utf-8"?>
<Project ToolsVersion="4.0" xmlns="http://schemas.microsoft.com/developer/msbuild/2003">
  <ItemGroup>
    <Filter Include="Header Files">
      <UniqueIdentifier>{93995380-89BD-4b04-88EB-625FBE52EBFB}</UniqueIdentifier>
      <Extensions>h;hpp;hxx;hm;inl;inc;xsd</Extensions>
    </Filter>
    <Filter Include="Resource Files">
      <UniqueIdentifier>{67DA6AB6-F800-4c08-8B7A-83BB121AAD01}</UniqueIdentifier>
      <Extensions>rc;ico;cur;bmp;dlg;rc2;rct;bin;rgs;gif;jpg;jpeg;jpe;resx</Extensions>
    </Filter>
    <Filter Include="Source Files">
      <UniqueIdentifier>{4FC737F1-C7A5-4376-A066-2A32D752A2FF}</UniqueIdentifier>
      <Extensions>cpp;c;cc;cxx;def;odl;idl;hpj;bat;asm;asmx</Extensions>
    </Filter>
  </ItemGroup>
  <ItemGroup>
    <ClInclude Include="include\aes.hpp">
      <Filter>Header Files</Filter>
    </ClInclude>
    <ClInclude Include="include\algebra.hpp">
      <Filter>Header Files</Filter>
    </ClInclude>
    <ClInclude Include="include\arc4.hpp">
      <Filter>Header Files</Filter>
    </ClInclude>
    <ClInclude Include="include\asn.hpp">
      <Filter>Header Files</Filter>
    </ClInclude>
    <ClInclude Include="include\block.hpp">
      <Filter>Header Files</Filter>
    </ClInclude>
    <ClInclude Include="include\blowfish.hpp">
      <Filter>Header Files</Filter>
    </ClInclude>
    <ClInclude Include="include\coding.hpp">
      <Filter>Header Files</Filter>
    </ClInclude>
    <ClInclude Include="include\des.hpp">
      <Filter>Header Files</Filter>
    </ClInclude>
    <ClInclude Include="include\dh.hpp">
      <Filter>Header Files</Filter>
    </ClInclude>
    <ClInclude Include="include\dsa.hpp">
      <Filter>Header Files</Filter>
    </ClInclude>
    <ClInclude Include="include\error.hpp">
      <Filter>Header Files</Filter>
    </ClInclude>
    <ClInclude Include="include\file.hpp">
      <Filter>Header Files</Filter>
    </ClInclude>
    <ClInclude Include="include\hash.hpp">
      <Filter>Header Files</Filter>
    </ClInclude>
    <ClInclude Include="include\hc128.hpp">
      <Filter>Header Files</Filter>
    </ClInclude>
    <ClInclude Include="include\hmac.hpp">
      <Filter>Header Files</Filter>
    </ClInclude>
    <ClInclude Include="include\integer.hpp">
      <Filter>Header Files</Filter>
    </ClInclude>
    <ClInclude Include="include\kernelc.hpp">
      <Filter>Header Files</Filter>
    </ClInclude>
    <ClInclude Include="include\md2.hpp">
      <Filter>Header Files</Filter>
    </ClInclude>
    <ClInclude Include="include\md4.hpp">
      <Filter>Header Files</Filter>
    </ClInclude>
    <ClInclude Include="include\md5.hpp">
      <Filter>Header Files</Filter>
    </ClInclude>
    <ClInclude Include="include\misc.hpp">
      <Filter>Header Files</Filter>
    </ClInclude>
    <ClInclude Include="include\modarith.hpp">
      <Filter>Header Files</Filter>
    </ClInclude>
    <ClInclude Include="include\modes.hpp">
      <Filter>Header Files</Filter>
    </ClInclude>
    <ClInclude Include="include\pwdbased.hpp">
      <Filter>Header Files</Filter>
    </ClInclude>
    <ClInclude Include="include\rabbit.hpp">
      <Filter>Header Files</Filter>
    </ClInclude>
    <ClInclude Include="include\random.hpp">
      <Filter>Header Files</Filter>
    </ClInclude>
    <ClInclude Include="include\ripemd.hpp">
      <Filter>Header Files</Filter>
    </ClInclude>
    <ClInclude Include="include\rsa.hpp">
      <Filter>Header Files</Filter>
    </ClInclude>
    <ClInclude Include="include\runtime.hpp">
      <Filter>Header Files</Filter>
    </ClInclude>
    <ClInclude Include="include\sha.hpp">
      <Filter>Header Files</Filter>
    </ClInclude>
    <ClInclude Include="include\twofish.hpp">
      <Filter>Header Files</Filter>
    </ClInclude>
    <ClInclude Include="include\type_traits.hpp">
      <Filter>Header Files</Filter>
    </ClInclude>
    <ClInclude Include="include\types.hpp">
      <Filter>Header Files</Filter>
    </ClInclude>
  </ItemGroup>
  <ItemGroup>
    <ClCompile Include="src\aes.cpp">
      <Filter>Source Files</Filter>
    </ClCompile>
    <ClCompile Include="src\aestables.cpp">
      <Filter>Source Files</Filter>
    </ClCompile>
    <ClCompile Include="src\algebra.cpp">
      <Filter>Source Files</Filter>
    </ClCompile>
    <ClCompile Include="src\arc4.cpp">
      <Filter>Source Files</Filter>
    </ClCompile>
    <ClCompile Include="src\asn.cpp">
      <Filter>Source Files</Filter>
    </ClCompile>
    <ClCompile Include="src\bftables.cpp">
      <Filter>Source Files</Filter>
    </ClCompile>
    <ClCompile Include="src\blowfish.cpp">
      <Filter>Source Files</Filter>
    </ClCompile>
    <ClCompile Include="src\coding.cpp">
      <Filter>Source Files</Filter>
    </ClCompile>
    <ClCompile Include="src\crypto.cpp">
      <Filter>Source Files</Filter>
    </ClCompile>
    <ClCompile Include="src\des.cpp">
      <Filter>Source Files</Filter>
    </ClCompile>
    <ClCompile Include="src\dh.cpp">
      <Filter>Source Files</Filter>
    </ClCompile>
    <ClCompile Include="src\dsa.cpp">
      <Filter>Source Files</Filter>
    </ClCompile>
    <ClCompile Include="src\file.cpp">
      <Filter>Source Files</Filter>
    </ClCompile>
    <ClCompile Include="src\hash.cpp">
      <Filter>Source Files</Filter>
    </ClCompile>
    <ClCompile Include="src\hc128.cpp">
      <Filter>Source Files</Filter>
    </ClCompile>
    <ClCompile Include="src\integer.cpp">
      <Filter>Source Files</Filter>
    </ClCompile>
    <ClCompile Include="src\md2.cpp">
      <Filter>Source Files</Filter>
    </ClCompile>
    <ClCompile Include="src\md4.cpp">
      <Filter>Source Files</Filter>
    </ClCompile>
    <ClCompile Include="src\md5.cpp">
      <Filter>Source Files</Filter>
    </ClCompile>
    <ClCompile Include="src\misc.cpp">
      <Filter>Source Files</Filter>
    </ClCompile>
    <ClCompile Include="src\rabbit.cpp">
      <Filter>Source Files</Filter>
    </ClCompile>
    <ClCompile Include="src\random.cpp">
      <Filter>Source Files</Filter>
    </ClCompile>
    <ClCompile Include="src\ripemd.cpp">
      <Filter>Source Files</Filter>
    </ClCompile>
    <ClCompile Include="src\rsa.cpp">
      <Filter>Source Files</Filter>
    </ClCompile>
    <ClCompile Include="src\sha.cpp">
      <Filter>Source Files</Filter>
    </ClCompile>
    <ClCompile Include="src\tftables.cpp">
      <Filter>Source Files</Filter>
    </ClCompile>
    <ClCompile Include="src\twofish.cpp">
      <Filter>Source Files</Filter>
    </ClCompile>
  </ItemGroup>
</Project>