<?xml version="1.0" encoding="utf-8"?>
<Project ToolsVersion="4.0" xmlns="http://schemas.microsoft.com/developer/msbuild/2003">
  <ItemGroup>
    <Filter Include="Source Files">
      <UniqueIdentifier>{d823d8a9-97e9-4bee-88c4-35f1f30e1991}</UniqueIdentifier>
      <Extensions>cpp;c;cxx;rc;def;r;odl;hpj;bat;for;f90</Extensions>
    </Filter>
    <Filter Include="Header Files">
      <UniqueIdentifier>{576ffbd3-8577-465a-a92e-3c3f2e895e57}</UniqueIdentifier>
      <Extensions>h;hpp;hxx;hm;inl</Extensions>
    </Filter>
  </ItemGroup>
  <ItemGroup>
    <ClCompile Include="cache_cache.c">
      <Filter>Source Files</Filter>
    </ClCompile>
    <ClCompile Include="cache_hash.c">
      <Filter>Source Files</Filter>
    </ClCompile>
    <ClCompile Include="cache_pqueue.c">
      <Filter>Source Files</Filter>
    </ClCompile>
    <ClCompile Include="cache_storage.c">
      <Filter>Source Files</Filter>
    </ClCompile>
    <ClCompile Include="cache_util.c">
      <Filter>Source Files</Filter>
    </ClCompile>
    <ClCompile Include="mod_cache.c">
      <Filter>Source Files</Filter>
    </ClCompile>
  </ItemGroup>
  <ItemGroup>
    <ClInclude Include="cache_cache.h">
      <Filter>Header Files</Filter>
    </ClInclude>
    <ClInclude Include="cache_hash.h">
      <Filter>Header Files</Filter>
    </ClInclude>
    <ClInclude Include="cache_pqueue.h">
      <Filter>Header Files</Filter>
    </ClInclude>
    <ClInclude Include="mod_cache.h">
      <Filter>Header Files</Filter>
    </ClInclude>
  </ItemGroup>
  <ItemGroup>
    <CustomBuild Include="..\..\build\win32\win32ver.awk" />
  </ItemGroup>
</Project>