
Microsoft Visual Studio Solution File, Format Version 12.00
# Visual Studio 2012
Project("{8BC9CEB8-8B4A-11D0-8D11-00A0C91BC942}") = "binkdec_dynamic", "binkdec_dynamic.vcxproj", "{E92ED1F6-64A1-43CF-BD8A-4D6B68CB7EEC}"
EndProject
Global
	GlobalSection(SolutionConfigurationPlatforms) = preSolution
		Debug|ARM = Debug|ARM
		Debug|Win32 = Debug|Win32
		Release|ARM = Release|ARM
		Release|Win32 = Release|Win32
	EndGlobalSection
	GlobalSection(ProjectConfigurationPlatforms) = postSolution
		{E92ED1F6-64A1-43CF-BD8A-4D6B68CB7EEC}.Debug|ARM.ActiveCfg = Debug|ARM
		{E92ED1F6-64A1-43CF-BD8A-4D6B68CB7EEC}.Debug|ARM.Build.0 = Debug|ARM
		{E92ED1F6-64A1-43CF-BD8A-4D6B68CB7EEC}.Debug|Win32.ActiveCfg = Debug|Win32
		{E92ED1F6-64A1-43CF-BD8A-4D6B68CB7EEC}.Debug|Win32.Build.0 = Debug|Win32
		{E92ED1F6-64A1-43CF-BD8A-4D6B68CB7EEC}.Release|ARM.ActiveCfg = Release|ARM
		{E92ED1F6-64A1-43CF-BD8A-4D6B68CB7EEC}.Release|ARM.Build.0 = Release|ARM
		{E92ED1F6-64A1-43CF-BD8A-4D6B68CB7EEC}.Release|Win32.ActiveCfg = Release|Win32
		{E92ED1F6-64A1-43CF-BD8A-4D6B68CB7EEC}.Release|Win32.Build.0 = Release|Win32
	EndGlobalSection
	GlobalSection(SolutionProperties) = preSolution
		HideSolutionNode = FALSE
	EndGlobalSection
EndGlobal
