Microsoft Visual Studio Solution File, Format Version 12.00
# Visual Studio 11
Project("{8BC9CEB8-8B4A-11D0-8D11-00A0C91BC942}") = "ALL_BUILD", "ALL_BUILD.vcxproj", "{D3DFD46F-00D3-4FB6-938E-D535A4035C70}"
	ProjectSection(ProjectDependencies) = postProject
		{9E7AACA7-7151-433D-935D-3255B7DE1D0A} = {9E7AACA7-7151-433D-935D-3255B7DE1D0A}
		{D7CA8688-2F13-4B56-A085-060A579EB6F1} = {D7CA8688-2F13-4B56-A085-060A579EB6F1}
		{C37CC806-0054-4A98-8260-CA8F31787DBC} = {C37CC806-0054-4A98-8260-CA8F31787DBC}
	EndProjectSection
EndProject
Project("{8BC9CEB8-8B4A-11D0-8D11-00A0C91BC942}") = "INSTALL", "INSTALL.vcxproj", "{54E4FA5B-4FA8-4D7E-8E67-B63683E609CE}"
	ProjectSection(ProjectDependencies) = postProject
		{D3DFD46F-00D3-4FB6-938E-D535A4035C70} = {D3DFD46F-00D3-4FB6-938E-D535A4035C70}
	EndProjectSection
EndProject
Project("{8BC9CEB8-8B4A-11D0-8D11-00A0C91BC942}") = "ZERO_CHECK", "ZERO_CHECK.vcxproj", "{9E7AACA7-7151-433D-935D-3255B7DE1D0A}"
	ProjectSection(ProjectDependencies) = postProject
	EndProjectSection
EndProject
Project("{8BC9CEB8-8B4A-11D0-8D11-00A0C91BC942}") = "libsqlite3", "libsqlite3.vcxproj", "{D7CA8688-2F13-4B56-A085-060A579EB6F1}"
	ProjectSection(ProjectDependencies) = postProject
		{9E7AACA7-7151-433D-935D-3255B7DE1D0A} = {9E7AACA7-7151-433D-935D-3255B7DE1D0A}
	EndProjectSection
EndProject
Project("{8BC9CEB8-8B4A-11D0-8D11-00A0C91BC942}") = "sqlite3", "sqlite3.vcxproj", "{C37CC806-0054-4A98-8260-CA8F31787DBC}"
	ProjectSection(ProjectDependencies) = postProject
		{9E7AACA7-7151-433D-935D-3255B7DE1D0A} = {9E7AACA7-7151-433D-935D-3255B7DE1D0A}
		{D7CA8688-2F13-4B56-A085-060A579EB6F1} = {D7CA8688-2F13-4B56-A085-060A579EB6F1}
	EndProjectSection
EndProject
Global
	GlobalSection(SolutionConfigurationPlatforms) = preSolution
		Debug|ARM = Debug|ARM
		Release|ARM = Release|ARM
		MinSizeRel|ARM = MinSizeRel|ARM
		RelWithDebInfo|ARM = RelWithDebInfo|ARM
	EndGlobalSection
	GlobalSection(ProjectConfigurationPlatforms) = postSolution
		{D3DFD46F-00D3-4FB6-938E-D535A4035C70}.Debug|ARM.ActiveCfg = Debug|ARM
		{D3DFD46F-00D3-4FB6-938E-D535A4035C70}.Debug|ARM.Build.0 = Debug|ARM
		{D3DFD46F-00D3-4FB6-938E-D535A4035C70}.Release|ARM.ActiveCfg = Release|ARM
		{D3DFD46F-00D3-4FB6-938E-D535A4035C70}.Release|ARM.Build.0 = Release|ARM
		{D3DFD46F-00D3-4FB6-938E-D535A4035C70}.MinSizeRel|ARM.ActiveCfg = MinSizeRel|ARM
		{D3DFD46F-00D3-4FB6-938E-D535A4035C70}.MinSizeRel|ARM.Build.0 = MinSizeRel|ARM
		{D3DFD46F-00D3-4FB6-938E-D535A4035C70}.RelWithDebInfo|ARM.ActiveCfg = RelWithDebInfo|ARM
		{D3DFD46F-00D3-4FB6-938E-D535A4035C70}.RelWithDebInfo|ARM.Build.0 = RelWithDebInfo|ARM
		{54E4FA5B-4FA8-4D7E-8E67-B63683E609CE}.Debug|ARM.ActiveCfg = Debug|ARM
		{54E4FA5B-4FA8-4D7E-8E67-B63683E609CE}.Release|ARM.ActiveCfg = Release|ARM
		{54E4FA5B-4FA8-4D7E-8E67-B63683E609CE}.MinSizeRel|ARM.ActiveCfg = MinSizeRel|ARM
		{54E4FA5B-4FA8-4D7E-8E67-B63683E609CE}.RelWithDebInfo|ARM.ActiveCfg = RelWithDebInfo|ARM
		{9E7AACA7-7151-433D-935D-3255B7DE1D0A}.Debug|ARM.ActiveCfg = Debug|ARM
		{9E7AACA7-7151-433D-935D-3255B7DE1D0A}.Debug|ARM.Build.0 = Debug|ARM
		{9E7AACA7-7151-433D-935D-3255B7DE1D0A}.Release|ARM.ActiveCfg = Release|ARM
		{9E7AACA7-7151-433D-935D-3255B7DE1D0A}.Release|ARM.Build.0 = Release|ARM
		{9E7AACA7-7151-433D-935D-3255B7DE1D0A}.MinSizeRel|ARM.ActiveCfg = MinSizeRel|ARM
		{9E7AACA7-7151-433D-935D-3255B7DE1D0A}.MinSizeRel|ARM.Build.0 = MinSizeRel|ARM
		{9E7AACA7-7151-433D-935D-3255B7DE1D0A}.RelWithDebInfo|ARM.ActiveCfg = RelWithDebInfo|ARM
		{9E7AACA7-7151-433D-935D-3255B7DE1D0A}.RelWithDebInfo|ARM.Build.0 = RelWithDebInfo|ARM
		{D7CA8688-2F13-4B56-A085-060A579EB6F1}.Debug|ARM.ActiveCfg = Debug|ARM
		{D7CA8688-2F13-4B56-A085-060A579EB6F1}.Debug|ARM.Build.0 = Debug|ARM
		{D7CA8688-2F13-4B56-A085-060A579EB6F1}.Release|ARM.ActiveCfg = Release|ARM
		{D7CA8688-2F13-4B56-A085-060A579EB6F1}.Release|ARM.Build.0 = Release|ARM
		{D7CA8688-2F13-4B56-A085-060A579EB6F1}.MinSizeRel|ARM.ActiveCfg = MinSizeRel|ARM
		{D7CA8688-2F13-4B56-A085-060A579EB6F1}.MinSizeRel|ARM.Build.0 = MinSizeRel|ARM
		{D7CA8688-2F13-4B56-A085-060A579EB6F1}.RelWithDebInfo|ARM.ActiveCfg = RelWithDebInfo|ARM
		{D7CA8688-2F13-4B56-A085-060A579EB6F1}.RelWithDebInfo|ARM.Build.0 = RelWithDebInfo|ARM
		{C37CC806-0054-4A98-8260-CA8F31787DBC}.Debug|ARM.ActiveCfg = Debug|ARM
		{C37CC806-0054-4A98-8260-CA8F31787DBC}.Debug|ARM.Build.0 = Debug|ARM
		{C37CC806-0054-4A98-8260-CA8F31787DBC}.Release|ARM.ActiveCfg = Release|ARM
		{C37CC806-0054-4A98-8260-CA8F31787DBC}.Release|ARM.Build.0 = Release|ARM
		{C37CC806-0054-4A98-8260-CA8F31787DBC}.MinSizeRel|ARM.ActiveCfg = MinSizeRel|ARM
		{C37CC806-0054-4A98-8260-CA8F31787DBC}.MinSizeRel|ARM.Build.0 = MinSizeRel|ARM
		{C37CC806-0054-4A98-8260-CA8F31787DBC}.RelWithDebInfo|ARM.ActiveCfg = RelWithDebInfo|ARM
		{C37CC806-0054-4A98-8260-CA8F31787DBC}.RelWithDebInfo|ARM.Build.0 = RelWithDebInfo|ARM
	EndGlobalSection
	GlobalSection(ExtensibilityGlobals) = postSolution
	EndGlobalSection
	GlobalSection(ExtensibilityAddIns) = postSolution
	EndGlobalSection
EndGlobal
