
Microsoft Visual Studio Solution File, Format Version 12.00
# Visual Studio 2012
Project("{8BC9CEB8-8B4A-11D0-8D11-00A0C91BC942}") = "cares", "cares\vc6cares.vcxproj", "{155F6E66-032E-4EF3-972B-81E8A8367A46}"
EndProject
Project("{8BC9CEB8-8B4A-11D0-8D11-00A0C91BC942}") = "acountry", "acountry\vc6acountry.vcxproj", "{916F382A-F828-4E47-B33F-5BE598D40B77}"
EndProject
Project("{8BC9CEB8-8B4A-11D0-8D11-00A0C91BC942}") = "adig", "adig\vc6adig.vcxproj", "{94E80372-9D81-43EF-A26C-8FEE8C3B3B36}"
EndProject
Project("{8BC9CEB8-8B4A-11D0-8D11-00A0C91BC942}") = "ahost", "ahost\vc6ahost.vcxproj", "{CFB8DEAA-76DA-4A4F-9D3F-0100F6A0433F}"
EndProject
Global
	GlobalSection(SolutionConfigurationPlatforms) = preSolution
		DLL Debug|ARM = DLL Debug|ARM
		DLL Debug|Win32 = DLL Debug|Win32
		DLL Release|ARM = DLL Release|ARM
		DLL Release|Win32 = DLL Release|Win32
		LIB Debug|ARM = LIB Debug|ARM
		LIB Debug|Win32 = LIB Debug|Win32
		LIB Release|ARM = LIB Release|ARM
		LIB Release|Win32 = LIB Release|Win32
		Template|ARM = Template|ARM
		Template|Win32 = Template|Win32
		using cares DLL Debug|ARM = using cares DLL Debug|ARM
		using cares DLL Debug|Win32 = using cares DLL Debug|Win32
		using cares DLL Release|ARM = using cares DLL Release|ARM
		using cares DLL Release|Win32 = using cares DLL Release|Win32
		using cares LIB Debug|ARM = using cares LIB Debug|ARM
		using cares LIB Debug|Win32 = using cares LIB Debug|Win32
		using cares LIB Release|ARM = using cares LIB Release|ARM
		using cares LIB Release|Win32 = using cares LIB Release|Win32
	EndGlobalSection
	GlobalSection(ProjectConfigurationPlatforms) = postSolution
		{155F6E66-032E-4EF3-972B-81E8A8367A46}.DLL Debug|ARM.ActiveCfg = DLL Debug|ARM
		{155F6E66-032E-4EF3-972B-81E8A8367A46}.DLL Debug|ARM.Build.0 = DLL Debug|ARM
		{155F6E66-032E-4EF3-972B-81E8A8367A46}.DLL Debug|Win32.ActiveCfg = DLL Debug|Win32
		{155F6E66-032E-4EF3-972B-81E8A8367A46}.DLL Debug|Win32.Build.0 = DLL Debug|Win32
		{155F6E66-032E-4EF3-972B-81E8A8367A46}.DLL Debug|Win32.Deploy.0 = DLL Debug|Win32
		{155F6E66-032E-4EF3-972B-81E8A8367A46}.DLL Release|ARM.ActiveCfg = DLL Release|ARM
		{155F6E66-032E-4EF3-972B-81E8A8367A46}.DLL Release|ARM.Build.0 = DLL Release|ARM
		{155F6E66-032E-4EF3-972B-81E8A8367A46}.DLL Release|Win32.ActiveCfg = DLL Release|Win32
		{155F6E66-032E-4EF3-972B-81E8A8367A46}.DLL Release|Win32.Build.0 = DLL Release|Win32
		{155F6E66-032E-4EF3-972B-81E8A8367A46}.DLL Release|Win32.Deploy.0 = DLL Release|Win32
		{155F6E66-032E-4EF3-972B-81E8A8367A46}.LIB Debug|ARM.ActiveCfg = LIB Debug|ARM
		{155F6E66-032E-4EF3-972B-81E8A8367A46}.LIB Debug|ARM.Build.0 = LIB Debug|ARM
		{155F6E66-032E-4EF3-972B-81E8A8367A46}.LIB Debug|Win32.ActiveCfg = LIB Debug|Win32
		{155F6E66-032E-4EF3-972B-81E8A8367A46}.LIB Debug|Win32.Build.0 = LIB Debug|Win32
		{155F6E66-032E-4EF3-972B-81E8A8367A46}.LIB Debug|Win32.Deploy.0 = LIB Debug|Win32
		{155F6E66-032E-4EF3-972B-81E8A8367A46}.LIB Release|ARM.ActiveCfg = LIB Release|ARM
		{155F6E66-032E-4EF3-972B-81E8A8367A46}.LIB Release|ARM.Build.0 = LIB Release|ARM
		{155F6E66-032E-4EF3-972B-81E8A8367A46}.LIB Release|Win32.ActiveCfg = LIB Release|Win32
		{155F6E66-032E-4EF3-972B-81E8A8367A46}.LIB Release|Win32.Build.0 = LIB Release|Win32
		{155F6E66-032E-4EF3-972B-81E8A8367A46}.LIB Release|Win32.Deploy.0 = LIB Release|Win32
		{155F6E66-032E-4EF3-972B-81E8A8367A46}.Template|ARM.ActiveCfg = LIB Release|ARM
		{155F6E66-032E-4EF3-972B-81E8A8367A46}.Template|ARM.Build.0 = LIB Release|ARM
		{155F6E66-032E-4EF3-972B-81E8A8367A46}.Template|Win32.ActiveCfg = LIB Release|Win32
		{155F6E66-032E-4EF3-972B-81E8A8367A46}.Template|Win32.Build.0 = LIB Release|Win32
		{155F6E66-032E-4EF3-972B-81E8A8367A46}.Template|Win32.Deploy.0 = LIB Release|Win32
		{155F6E66-032E-4EF3-972B-81E8A8367A46}.using cares DLL Debug|ARM.ActiveCfg = DLL Debug|ARM
		{155F6E66-032E-4EF3-972B-81E8A8367A46}.using cares DLL Debug|ARM.Build.0 = DLL Debug|ARM
		{155F6E66-032E-4EF3-972B-81E8A8367A46}.using cares DLL Debug|Win32.ActiveCfg = DLL Debug|Win32
		{155F6E66-032E-4EF3-972B-81E8A8367A46}.using cares DLL Debug|Win32.Build.0 = DLL Debug|Win32
		{155F6E66-032E-4EF3-972B-81E8A8367A46}.using cares DLL Debug|Win32.Deploy.0 = DLL Debug|Win32
		{155F6E66-032E-4EF3-972B-81E8A8367A46}.using cares DLL Release|ARM.ActiveCfg = DLL Release|ARM
		{155F6E66-032E-4EF3-972B-81E8A8367A46}.using cares DLL Release|ARM.Build.0 = DLL Release|ARM
		{155F6E66-032E-4EF3-972B-81E8A8367A46}.using cares DLL Release|Win32.ActiveCfg = DLL Release|Win32
		{155F6E66-032E-4EF3-972B-81E8A8367A46}.using cares DLL Release|Win32.Build.0 = DLL Release|Win32
		{155F6E66-032E-4EF3-972B-81E8A8367A46}.using cares DLL Release|Win32.Deploy.0 = DLL Release|Win32
		{155F6E66-032E-4EF3-972B-81E8A8367A46}.using cares LIB Debug|ARM.ActiveCfg = LIB Debug|ARM
		{155F6E66-032E-4EF3-972B-81E8A8367A46}.using cares LIB Debug|ARM.Build.0 = LIB Debug|ARM
		{155F6E66-032E-4EF3-972B-81E8A8367A46}.using cares LIB Debug|Win32.ActiveCfg = LIB Debug|Win32
		{155F6E66-032E-4EF3-972B-81E8A8367A46}.using cares LIB Debug|Win32.Build.0 = LIB Debug|Win32
		{155F6E66-032E-4EF3-972B-81E8A8367A46}.using cares LIB Debug|Win32.Deploy.0 = LIB Debug|Win32
		{155F6E66-032E-4EF3-972B-81E8A8367A46}.using cares LIB Release|ARM.ActiveCfg = LIB Release|ARM
		{155F6E66-032E-4EF3-972B-81E8A8367A46}.using cares LIB Release|ARM.Build.0 = LIB Release|ARM
		{155F6E66-032E-4EF3-972B-81E8A8367A46}.using cares LIB Release|Win32.ActiveCfg = LIB Release|Win32
		{155F6E66-032E-4EF3-972B-81E8A8367A46}.using cares LIB Release|Win32.Build.0 = LIB Release|Win32
		{155F6E66-032E-4EF3-972B-81E8A8367A46}.using cares LIB Release|Win32.Deploy.0 = LIB Release|Win32
		{916F382A-F828-4E47-B33F-5BE598D40B77}.DLL Debug|ARM.ActiveCfg = using cares DLL Debug|ARM
		{916F382A-F828-4E47-B33F-5BE598D40B77}.DLL Debug|ARM.Build.0 = using cares DLL Debug|ARM
		{916F382A-F828-4E47-B33F-5BE598D40B77}.DLL Debug|Win32.ActiveCfg = using cares DLL Debug|Win32
		{916F382A-F828-4E47-B33F-5BE598D40B77}.DLL Debug|Win32.Build.0 = using cares DLL Debug|Win32
		{916F382A-F828-4E47-B33F-5BE598D40B77}.DLL Debug|Win32.Deploy.0 = using cares DLL Debug|Win32
		{916F382A-F828-4E47-B33F-5BE598D40B77}.DLL Release|ARM.ActiveCfg = using cares DLL Release|ARM
		{916F382A-F828-4E47-B33F-5BE598D40B77}.DLL Release|ARM.Build.0 = using cares DLL Release|ARM
		{916F382A-F828-4E47-B33F-5BE598D40B77}.DLL Release|Win32.ActiveCfg = using cares DLL Release|Win32
		{916F382A-F828-4E47-B33F-5BE598D40B77}.DLL Release|Win32.Build.0 = using cares DLL Release|Win32
		{916F382A-F828-4E47-B33F-5BE598D40B77}.DLL Release|Win32.Deploy.0 = using cares DLL Release|Win32
		{916F382A-F828-4E47-B33F-5BE598D40B77}.LIB Debug|ARM.ActiveCfg = using cares LIB Debug|ARM
		{916F382A-F828-4E47-B33F-5BE598D40B77}.LIB Debug|ARM.Build.0 = using cares LIB Debug|ARM
		{916F382A-F828-4E47-B33F-5BE598D40B77}.LIB Debug|Win32.ActiveCfg = using cares LIB Debug|Win32
		{916F382A-F828-4E47-B33F-5BE598D40B77}.LIB Debug|Win32.Build.0 = using cares LIB Debug|Win32
		{916F382A-F828-4E47-B33F-5BE598D40B77}.LIB Debug|Win32.Deploy.0 = using cares LIB Debug|Win32
		{916F382A-F828-4E47-B33F-5BE598D40B77}.LIB Release|ARM.ActiveCfg = using cares LIB Release|ARM
		{916F382A-F828-4E47-B33F-5BE598D40B77}.LIB Release|ARM.Build.0 = using cares LIB Release|ARM
		{916F382A-F828-4E47-B33F-5BE598D40B77}.LIB Release|Win32.ActiveCfg = using cares LIB Release|Win32
		{916F382A-F828-4E47-B33F-5BE598D40B77}.LIB Release|Win32.Build.0 = using cares LIB Release|Win32
		{916F382A-F828-4E47-B33F-5BE598D40B77}.LIB Release|Win32.Deploy.0 = using cares LIB Release|Win32
		{916F382A-F828-4E47-B33F-5BE598D40B77}.Template|ARM.ActiveCfg = Template|ARM
		{916F382A-F828-4E47-B33F-5BE598D40B77}.Template|ARM.Build.0 = Template|ARM
		{916F382A-F828-4E47-B33F-5BE598D40B77}.Template|Win32.ActiveCfg = Template|Win32
		{916F382A-F828-4E47-B33F-5BE598D40B77}.Template|Win32.Build.0 = Template|Win32
		{916F382A-F828-4E47-B33F-5BE598D40B77}.Template|Win32.Deploy.0 = Template|Win32
		{916F382A-F828-4E47-B33F-5BE598D40B77}.using cares DLL Debug|ARM.ActiveCfg = using cares DLL Debug|ARM
		{916F382A-F828-4E47-B33F-5BE598D40B77}.using cares DLL Debug|ARM.Build.0 = using cares DLL Debug|ARM
		{916F382A-F828-4E47-B33F-5BE598D40B77}.using cares DLL Debug|Win32.ActiveCfg = using cares DLL Debug|Win32
		{916F382A-F828-4E47-B33F-5BE598D40B77}.using cares DLL Debug|Win32.Build.0 = using cares DLL Debug|Win32
		{916F382A-F828-4E47-B33F-5BE598D40B77}.using cares DLL Debug|Win32.Deploy.0 = using cares DLL Debug|Win32
		{916F382A-F828-4E47-B33F-5BE598D40B77}.using cares DLL Release|ARM.ActiveCfg = using cares DLL Release|ARM
		{916F382A-F828-4E47-B33F-5BE598D40B77}.using cares DLL Release|ARM.Build.0 = using cares DLL Release|ARM
		{916F382A-F828-4E47-B33F-5BE598D40B77}.using cares DLL Release|Win32.ActiveCfg = using cares DLL Release|Win32
		{916F382A-F828-4E47-B33F-5BE598D40B77}.using cares DLL Release|Win32.Build.0 = using cares DLL Release|Win32
		{916F382A-F828-4E47-B33F-5BE598D40B77}.using cares DLL Release|Win32.Deploy.0 = using cares DLL Release|Win32
		{916F382A-F828-4E47-B33F-5BE598D40B77}.using cares LIB Debug|ARM.ActiveCfg = using cares LIB Debug|ARM
		{916F382A-F828-4E47-B33F-5BE598D40B77}.using cares LIB Debug|ARM.Build.0 = using cares LIB Debug|ARM
		{916F382A-F828-4E47-B33F-5BE598D40B77}.using cares LIB Debug|Win32.ActiveCfg = using cares LIB Debug|Win32
		{916F382A-F828-4E47-B33F-5BE598D40B77}.using cares LIB Debug|Win32.Build.0 = using cares LIB Debug|Win32
		{916F382A-F828-4E47-B33F-5BE598D40B77}.using cares LIB Debug|Win32.Deploy.0 = using cares LIB Debug|Win32
		{916F382A-F828-4E47-B33F-5BE598D40B77}.using cares LIB Release|ARM.ActiveCfg = using cares LIB Release|ARM
		{916F382A-F828-4E47-B33F-5BE598D40B77}.using cares LIB Release|ARM.Build.0 = using cares LIB Release|ARM
		{916F382A-F828-4E47-B33F-5BE598D40B77}.using cares LIB Release|Win32.ActiveCfg = using cares LIB Release|Win32
		{916F382A-F828-4E47-B33F-5BE598D40B77}.using cares LIB Release|Win32.Build.0 = using cares LIB Release|Win32
		{916F382A-F828-4E47-B33F-5BE598D40B77}.using cares LIB Release|Win32.Deploy.0 = using cares LIB Release|Win32
		{94E80372-9D81-43EF-A26C-8FEE8C3B3B36}.DLL Debug|ARM.ActiveCfg = using cares DLL Debug|ARM
		{94E80372-9D81-43EF-A26C-8FEE8C3B3B36}.DLL Debug|ARM.Build.0 = using cares DLL Debug|ARM
		{94E80372-9D81-43EF-A26C-8FEE8C3B3B36}.DLL Debug|Win32.ActiveCfg = using cares DLL Debug|Win32
		{94E80372-9D81-43EF-A26C-8FEE8C3B3B36}.DLL Debug|Win32.Build.0 = using cares DLL Debug|Win32
		{94E80372-9D81-43EF-A26C-8FEE8C3B3B36}.DLL Debug|Win32.Deploy.0 = using cares DLL Debug|Win32
		{94E80372-9D81-43EF-A26C-8FEE8C3B3B36}.DLL Release|ARM.ActiveCfg = using cares DLL Release|ARM
		{94E80372-9D81-43EF-A26C-8FEE8C3B3B36}.DLL Release|ARM.Build.0 = using cares DLL Release|ARM
		{94E80372-9D81-43EF-A26C-8FEE8C3B3B36}.DLL Release|Win32.ActiveCfg = using cares DLL Release|Win32
		{94E80372-9D81-43EF-A26C-8FEE8C3B3B36}.DLL Release|Win32.Build.0 = using cares DLL Release|Win32
		{94E80372-9D81-43EF-A26C-8FEE8C3B3B36}.DLL Release|Win32.Deploy.0 = using cares DLL Release|Win32
		{94E80372-9D81-43EF-A26C-8FEE8C3B3B36}.LIB Debug|ARM.ActiveCfg = using cares LIB Debug|ARM
		{94E80372-9D81-43EF-A26C-8FEE8C3B3B36}.LIB Debug|ARM.Build.0 = using cares LIB Debug|ARM
		{94E80372-9D81-43EF-A26C-8FEE8C3B3B36}.LIB Debug|Win32.ActiveCfg = using cares LIB Debug|Win32
		{94E80372-9D81-43EF-A26C-8FEE8C3B3B36}.LIB Debug|Win32.Build.0 = using cares LIB Debug|Win32
		{94E80372-9D81-43EF-A26C-8FEE8C3B3B36}.LIB Debug|Win32.Deploy.0 = using cares LIB Debug|Win32
		{94E80372-9D81-43EF-A26C-8FEE8C3B3B36}.LIB Release|ARM.ActiveCfg = using cares LIB Release|ARM
		{94E80372-9D81-43EF-A26C-8FEE8C3B3B36}.LIB Release|ARM.Build.0 = using cares LIB Release|ARM
		{94E80372-9D81-43EF-A26C-8FEE8C3B3B36}.LIB Release|Win32.ActiveCfg = using cares LIB Release|Win32
		{94E80372-9D81-43EF-A26C-8FEE8C3B3B36}.LIB Release|Win32.Build.0 = using cares LIB Release|Win32
		{94E80372-9D81-43EF-A26C-8FEE8C3B3B36}.LIB Release|Win32.Deploy.0 = using cares LIB Release|Win32
		{94E80372-9D81-43EF-A26C-8FEE8C3B3B36}.Template|ARM.ActiveCfg = Template|ARM
		{94E80372-9D81-43EF-A26C-8FEE8C3B3B36}.Template|ARM.Build.0 = Template|ARM
		{94E80372-9D81-43EF-A26C-8FEE8C3B3B36}.Template|Win32.ActiveCfg = Template|Win32
		{94E80372-9D81-43EF-A26C-8FEE8C3B3B36}.Template|Win32.Build.0 = Template|Win32
		{94E80372-9D81-43EF-A26C-8FEE8C3B3B36}.Template|Win32.Deploy.0 = Template|Win32
		{94E80372-9D81-43EF-A26C-8FEE8C3B3B36}.using cares DLL Debug|ARM.ActiveCfg = using cares DLL Debug|ARM
		{94E80372-9D81-43EF-A26C-8FEE8C3B3B36}.using cares DLL Debug|ARM.Build.0 = using cares DLL Debug|ARM
		{94E80372-9D81-43EF-A26C-8FEE8C3B3B36}.using cares DLL Debug|Win32.ActiveCfg = using cares DLL Debug|Win32
		{94E80372-9D81-43EF-A26C-8FEE8C3B3B36}.using cares DLL Debug|Win32.Build.0 = using cares DLL Debug|Win32
		{94E80372-9D81-43EF-A26C-8FEE8C3B3B36}.using cares DLL Debug|Win32.Deploy.0 = using cares DLL Debug|Win32
		{94E80372-9D81-43EF-A26C-8FEE8C3B3B36}.using cares DLL Release|ARM.ActiveCfg = using cares DLL Release|ARM
		{94E80372-9D81-43EF-A26C-8FEE8C3B3B36}.using cares DLL Release|ARM.Build.0 = using cares DLL Release|ARM
		{94E80372-9D81-43EF-A26C-8FEE8C3B3B36}.using cares DLL Release|Win32.ActiveCfg = using cares DLL Release|Win32
		{94E80372-9D81-43EF-A26C-8FEE8C3B3B36}.using cares DLL Release|Win32.Build.0 = using cares DLL Release|Win32
		{94E80372-9D81-43EF-A26C-8FEE8C3B3B36}.using cares DLL Release|Win32.Deploy.0 = using cares DLL Release|Win32
		{94E80372-9D81-43EF-A26C-8FEE8C3B3B36}.using cares LIB Debug|ARM.ActiveCfg = using cares LIB Debug|ARM
		{94E80372-9D81-43EF-A26C-8FEE8C3B3B36}.using cares LIB Debug|ARM.Build.0 = using cares LIB Debug|ARM
		{94E80372-9D81-43EF-A26C-8FEE8C3B3B36}.using cares LIB Debug|Win32.ActiveCfg = using cares LIB Debug|Win32
		{94E80372-9D81-43EF-A26C-8FEE8C3B3B36}.using cares LIB Debug|Win32.Build.0 = using cares LIB Debug|Win32
		{94E80372-9D81-43EF-A26C-8FEE8C3B3B36}.using cares LIB Debug|Win32.Deploy.0 = using cares LIB Debug|Win32
		{94E80372-9D81-43EF-A26C-8FEE8C3B3B36}.using cares LIB Release|ARM.ActiveCfg = using cares LIB Release|ARM
		{94E80372-9D81-43EF-A26C-8FEE8C3B3B36}.using cares LIB Release|ARM.Build.0 = using cares LIB Release|ARM
		{94E80372-9D81-43EF-A26C-8FEE8C3B3B36}.using cares LIB Release|Win32.ActiveCfg = using cares LIB Release|Win32
		{94E80372-9D81-43EF-A26C-8FEE8C3B3B36}.using cares LIB Release|Win32.Build.0 = using cares LIB Release|Win32
		{94E80372-9D81-43EF-A26C-8FEE8C3B3B36}.using cares LIB Release|Win32.Deploy.0 = using cares LIB Release|Win32
		{CFB8DEAA-76DA-4A4F-9D3F-0100F6A0433F}.DLL Debug|ARM.ActiveCfg = using cares DLL Debug|ARM
		{CFB8DEAA-76DA-4A4F-9D3F-0100F6A0433F}.DLL Debug|ARM.Build.0 = using cares DLL Debug|ARM
		{CFB8DEAA-76DA-4A4F-9D3F-0100F6A0433F}.DLL Debug|Win32.ActiveCfg = using cares DLL Debug|Win32
		{CFB8DEAA-76DA-4A4F-9D3F-0100F6A0433F}.DLL Debug|Win32.Build.0 = using cares DLL Debug|Win32
		{CFB8DEAA-76DA-4A4F-9D3F-0100F6A0433F}.DLL Debug|Win32.Deploy.0 = using cares DLL Debug|Win32
		{CFB8DEAA-76DA-4A4F-9D3F-0100F6A0433F}.DLL Release|ARM.ActiveCfg = using cares DLL Release|ARM
		{CFB8DEAA-76DA-4A4F-9D3F-0100F6A0433F}.DLL Release|ARM.Build.0 = using cares DLL Release|ARM
		{CFB8DEAA-76DA-4A4F-9D3F-0100F6A0433F}.DLL Release|Win32.ActiveCfg = using cares DLL Release|Win32
		{CFB8DEAA-76DA-4A4F-9D3F-0100F6A0433F}.DLL Release|Win32.Build.0 = using cares DLL Release|Win32
		{CFB8DEAA-76DA-4A4F-9D3F-0100F6A0433F}.DLL Release|Win32.Deploy.0 = using cares DLL Release|Win32
		{CFB8DEAA-76DA-4A4F-9D3F-0100F6A0433F}.LIB Debug|ARM.ActiveCfg = using cares LIB Debug|ARM
		{CFB8DEAA-76DA-4A4F-9D3F-0100F6A0433F}.LIB Debug|ARM.Build.0 = using cares LIB Debug|ARM
		{CFB8DEAA-76DA-4A4F-9D3F-0100F6A0433F}.LIB Debug|Win32.ActiveCfg = using cares LIB Debug|Win32
		{CFB8DEAA-76DA-4A4F-9D3F-0100F6A0433F}.LIB Debug|Win32.Build.0 = using cares LIB Debug|Win32
		{CFB8DEAA-76DA-4A4F-9D3F-0100F6A0433F}.LIB Debug|Win32.Deploy.0 = using cares LIB Debug|Win32
		{CFB8DEAA-76DA-4A4F-9D3F-0100F6A0433F}.LIB Release|ARM.ActiveCfg = using cares LIB Release|ARM
		{CFB8DEAA-76DA-4A4F-9D3F-0100F6A0433F}.LIB Release|ARM.Build.0 = using cares LIB Release|ARM
		{CFB8DEAA-76DA-4A4F-9D3F-0100F6A0433F}.LIB Release|Win32.ActiveCfg = using cares LIB Release|Win32
		{CFB8DEAA-76DA-4A4F-9D3F-0100F6A0433F}.LIB Release|Win32.Build.0 = using cares LIB Release|Win32
		{CFB8DEAA-76DA-4A4F-9D3F-0100F6A0433F}.LIB Release|Win32.Deploy.0 = using cares LIB Release|Win32
		{CFB8DEAA-76DA-4A4F-9D3F-0100F6A0433F}.Template|ARM.ActiveCfg = Template|ARM
		{CFB8DEAA-76DA-4A4F-9D3F-0100F6A0433F}.Template|ARM.Build.0 = Template|ARM
		{CFB8DEAA-76DA-4A4F-9D3F-0100F6A0433F}.Template|Win32.ActiveCfg = Template|Win32
		{CFB8DEAA-76DA-4A4F-9D3F-0100F6A0433F}.Template|Win32.Build.0 = Template|Win32
		{CFB8DEAA-76DA-4A4F-9D3F-0100F6A0433F}.Template|Win32.Deploy.0 = Template|Win32
		{CFB8DEAA-76DA-4A4F-9D3F-0100F6A0433F}.using cares DLL Debug|ARM.ActiveCfg = using cares DLL Debug|ARM
		{CFB8DEAA-76DA-4A4F-9D3F-0100F6A0433F}.using cares DLL Debug|ARM.Build.0 = using cares DLL Debug|ARM
		{CFB8DEAA-76DA-4A4F-9D3F-0100F6A0433F}.using cares DLL Debug|Win32.ActiveCfg = using cares DLL Debug|Win32
		{CFB8DEAA-76DA-4A4F-9D3F-0100F6A0433F}.using cares DLL Debug|Win32.Build.0 = using cares DLL Debug|Win32
		{CFB8DEAA-76DA-4A4F-9D3F-0100F6A0433F}.using cares DLL Debug|Win32.Deploy.0 = using cares DLL Debug|Win32
		{CFB8DEAA-76DA-4A4F-9D3F-0100F6A0433F}.using cares DLL Release|ARM.ActiveCfg = using cares DLL Release|ARM
		{CFB8DEAA-76DA-4A4F-9D3F-0100F6A0433F}.using cares DLL Release|ARM.Build.0 = using cares DLL Release|ARM
		{CFB8DEAA-76DA-4A4F-9D3F-0100F6A0433F}.using cares DLL Release|Win32.ActiveCfg = using cares DLL Release|Win32
		{CFB8DEAA-76DA-4A4F-9D3F-0100F6A0433F}.using cares DLL Release|Win32.Build.0 = using cares DLL Release|Win32
		{CFB8DEAA-76DA-4A4F-9D3F-0100F6A0433F}.using cares DLL Release|Win32.Deploy.0 = using cares DLL Release|Win32
		{CFB8DEAA-76DA-4A4F-9D3F-0100F6A0433F}.using cares LIB Debug|ARM.ActiveCfg = using cares LIB Debug|ARM
		{CFB8DEAA-76DA-4A4F-9D3F-0100F6A0433F}.using cares LIB Debug|ARM.Build.0 = using cares LIB Debug|ARM
		{CFB8DEAA-76DA-4A4F-9D3F-0100F6A0433F}.using cares LIB Debug|Win32.ActiveCfg = using cares LIB Debug|Win32
		{CFB8DEAA-76DA-4A4F-9D3F-0100F6A0433F}.using cares LIB Debug|Win32.Build.0 = using cares LIB Debug|Win32
		{CFB8DEAA-76DA-4A4F-9D3F-0100F6A0433F}.using cares LIB Debug|Win32.Deploy.0 = using cares LIB Debug|Win32
		{CFB8DEAA-76DA-4A4F-9D3F-0100F6A0433F}.using cares LIB Release|ARM.ActiveCfg = using cares LIB Release|ARM
		{CFB8DEAA-76DA-4A4F-9D3F-0100F6A0433F}.using cares LIB Release|ARM.Build.0 = using cares LIB Release|ARM
		{CFB8DEAA-76DA-4A4F-9D3F-0100F6A0433F}.using cares LIB Release|Win32.ActiveCfg = using cares LIB Release|Win32
		{CFB8DEAA-76DA-4A4F-9D3F-0100F6A0433F}.using cares LIB Release|Win32.Build.0 = using cares LIB Release|Win32
		{CFB8DEAA-76DA-4A4F-9D3F-0100F6A0433F}.using cares LIB Release|Win32.Deploy.0 = using cares LIB Release|Win32
	EndGlobalSection
	GlobalSection(SolutionProperties) = preSolution
		HideSolutionNode = FALSE
	EndGlobalSection
EndGlobal
