Microsoft Visual Studio Solution File, Format Version 12.00
# Visual Studio 2012
Project("{8BC9CEB8-8B4A-11D0-8D11-00A0C91BC942}") = "ALL_BUILD", "ALL_BUILD.vcxproj", "{8721B09A-F778-45A5-9FB9-703ACB0211E1}"
	ProjectSection(ProjectDependencies) = postProject
		{6F9B8974-501D-40E7-A0D4-1D581351D3CF} = {6F9B8974-501D-40E7-A0D4-1D581351D3CF}
		{3B185141-5F61-4973-9EB2-705EBB6CF98F} = {3B185141-5F61-4973-9EB2-705EBB6CF98F}
		{8F28F035-C6F3-46E7-ADC9-30490A8DDD41} = {8F28F035-C6F3-46E7-ADC9-30490A8DDD41}
		{7F215346-7790-40C0-B289-2076135D8B01} = {7F215346-7790-40C0-B289-2076135D8B01}
		{8444C7A4-31A9-45FC-8702-6EEEDC832097} = {8444C7A4-31A9-45FC-8702-6EEEDC832097}
		{4D24DEA4-5495-4A81-88C4-7CB7A2253996} = {4D24DEA4-5495-4A81-88C4-7CB7A2253996}
		{16694965-3755-45E7-81E8-BECE4E231C50} = {16694965-3755-45E7-81E8-BECE4E231C50}
	EndProjectSection
EndProject
Project("{8BC9CEB8-8B4A-11D0-8D11-00A0C91BC942}") = "INSTALL", "INSTALL.vcxproj", "{2995700A-1248-456B-8FA9-6E27AC39030F}"
	ProjectSection(ProjectDependencies) = postProject
		{8721B09A-F778-45A5-9FB9-703ACB0211E1} = {8721B09A-F778-45A5-9FB9-703ACB0211E1}
	EndProjectSection
EndProject
Project("{8BC9CEB8-8B4A-11D0-8D11-00A0C91BC942}") = "RUN_TESTS", "RUN_TESTS.vcxproj", "{816F31BE-F7F8-4487-A60F-2B5129A4C039}"
EndProject
Project("{8BC9CEB8-8B4A-11D0-8D11-00A0C91BC942}") = "ZERO_CHECK", "ZERO_CHECK.vcxproj", "{6F9B8974-501D-40E7-A0D4-1D581351D3CF}"
EndProject
Project("{8BC9CEB8-8B4A-11D0-8D11-00A0C91BC942}") = "gpg-error", "gpg-error.vcxproj", "{3B185141-5F61-4973-9EB2-705EBB6CF98F}"
	ProjectSection(ProjectDependencies) = postProject
		{6F9B8974-501D-40E7-A0D4-1D581351D3CF} = {6F9B8974-501D-40E7-A0D4-1D581351D3CF}
		{8F28F035-C6F3-46E7-ADC9-30490A8DDD41} = {8F28F035-C6F3-46E7-ADC9-30490A8DDD41}
	EndProjectSection
EndProject
Project("{8BC9CEB8-8B4A-11D0-8D11-00A0C91BC942}") = "libgpg-error", "libgpg-error.vcxproj", "{8F28F035-C6F3-46E7-ADC9-30490A8DDD41}"
	ProjectSection(ProjectDependencies) = postProject
		{6F9B8974-501D-40E7-A0D4-1D581351D3CF} = {6F9B8974-501D-40E7-A0D4-1D581351D3CF}
		{7F215346-7790-40C0-B289-2076135D8B01} = {7F215346-7790-40C0-B289-2076135D8B01}
	EndProjectSection
EndProject
Project("{8BC9CEB8-8B4A-11D0-8D11-00A0C91BC942}") = "mkerrcodes", "mkerrcodes.vcxproj", "{7F215346-7790-40C0-B289-2076135D8B01}"
	ProjectSection(ProjectDependencies) = postProject
		{6F9B8974-501D-40E7-A0D4-1D581351D3CF} = {6F9B8974-501D-40E7-A0D4-1D581351D3CF}
	EndProjectSection
EndProject
Project("{8BC9CEB8-8B4A-11D0-8D11-00A0C91BC942}") = "mkw32errmap", "mkw32errmap.vcxproj", "{8444C7A4-31A9-45FC-8702-6EEEDC832097}"
	ProjectSection(ProjectDependencies) = postProject
		{6F9B8974-501D-40E7-A0D4-1D581351D3CF} = {6F9B8974-501D-40E7-A0D4-1D581351D3CF}
	EndProjectSection
EndProject
Project("{8BC9CEB8-8B4A-11D0-8D11-00A0C91BC942}") = "t-strerror", "t-strerror.vcxproj", "{4D24DEA4-5495-4A81-88C4-7CB7A2253996}"
	ProjectSection(ProjectDependencies) = postProject
		{6F9B8974-501D-40E7-A0D4-1D581351D3CF} = {6F9B8974-501D-40E7-A0D4-1D581351D3CF}
		{8F28F035-C6F3-46E7-ADC9-30490A8DDD41} = {8F28F035-C6F3-46E7-ADC9-30490A8DDD41}
	EndProjectSection
EndProject
Project("{8BC9CEB8-8B4A-11D0-8D11-00A0C91BC942}") = "t-syserror", "t-syserror.vcxproj", "{16694965-3755-45E7-81E8-BECE4E231C50}"
	ProjectSection(ProjectDependencies) = postProject
		{6F9B8974-501D-40E7-A0D4-1D581351D3CF} = {6F9B8974-501D-40E7-A0D4-1D581351D3CF}
		{8F28F035-C6F3-46E7-ADC9-30490A8DDD41} = {8F28F035-C6F3-46E7-ADC9-30490A8DDD41}
	EndProjectSection
EndProject
Global
	GlobalSection(SolutionConfigurationPlatforms) = preSolution
		Debug|ARM = Debug|ARM
		Debug|Win32 = Debug|Win32
		MinSizeRel|ARM = MinSizeRel|ARM
		MinSizeRel|Win32 = MinSizeRel|Win32
		Release|ARM = Release|ARM
		Release|Win32 = Release|Win32
		RelWithDebInfo|ARM = RelWithDebInfo|ARM
		RelWithDebInfo|Win32 = RelWithDebInfo|Win32
	EndGlobalSection
	GlobalSection(ProjectConfigurationPlatforms) = postSolution
		{8721B09A-F778-45A5-9FB9-703ACB0211E1}.Debug|ARM.ActiveCfg = Debug|ARM
		{8721B09A-F778-45A5-9FB9-703ACB0211E1}.Debug|ARM.Build.0 = Debug|ARM
		{8721B09A-F778-45A5-9FB9-703ACB0211E1}.Debug|Win32.ActiveCfg = Debug|Win32
		{8721B09A-F778-45A5-9FB9-703ACB0211E1}.Debug|Win32.Build.0 = Debug|Win32
		{8721B09A-F778-45A5-9FB9-703ACB0211E1}.MinSizeRel|ARM.ActiveCfg = MinSizeRel|ARM
		{8721B09A-F778-45A5-9FB9-703ACB0211E1}.MinSizeRel|ARM.Build.0 = MinSizeRel|ARM
		{8721B09A-F778-45A5-9FB9-703ACB0211E1}.MinSizeRel|Win32.ActiveCfg = MinSizeRel|Win32
		{8721B09A-F778-45A5-9FB9-703ACB0211E1}.MinSizeRel|Win32.Build.0 = MinSizeRel|Win32
		{8721B09A-F778-45A5-9FB9-703ACB0211E1}.Release|ARM.ActiveCfg = Release|ARM
		{8721B09A-F778-45A5-9FB9-703ACB0211E1}.Release|ARM.Build.0 = Release|ARM
		{8721B09A-F778-45A5-9FB9-703ACB0211E1}.Release|Win32.ActiveCfg = Release|Win32
		{8721B09A-F778-45A5-9FB9-703ACB0211E1}.Release|Win32.Build.0 = Release|Win32
		{8721B09A-F778-45A5-9FB9-703ACB0211E1}.RelWithDebInfo|ARM.ActiveCfg = RelWithDebInfo|ARM
		{8721B09A-F778-45A5-9FB9-703ACB0211E1}.RelWithDebInfo|ARM.Build.0 = RelWithDebInfo|ARM
		{8721B09A-F778-45A5-9FB9-703ACB0211E1}.RelWithDebInfo|Win32.ActiveCfg = RelWithDebInfo|Win32
		{8721B09A-F778-45A5-9FB9-703ACB0211E1}.RelWithDebInfo|Win32.Build.0 = RelWithDebInfo|Win32
		{2995700A-1248-456B-8FA9-6E27AC39030F}.Debug|ARM.ActiveCfg = Debug|ARM
		{2995700A-1248-456B-8FA9-6E27AC39030F}.Debug|Win32.ActiveCfg = Debug|Win32
		{2995700A-1248-456B-8FA9-6E27AC39030F}.MinSizeRel|ARM.ActiveCfg = MinSizeRel|ARM
		{2995700A-1248-456B-8FA9-6E27AC39030F}.MinSizeRel|Win32.ActiveCfg = MinSizeRel|Win32
		{2995700A-1248-456B-8FA9-6E27AC39030F}.Release|ARM.ActiveCfg = Release|ARM
		{2995700A-1248-456B-8FA9-6E27AC39030F}.Release|Win32.ActiveCfg = Release|Win32
		{2995700A-1248-456B-8FA9-6E27AC39030F}.RelWithDebInfo|ARM.ActiveCfg = RelWithDebInfo|ARM
		{2995700A-1248-456B-8FA9-6E27AC39030F}.RelWithDebInfo|Win32.ActiveCfg = RelWithDebInfo|Win32
		{816F31BE-F7F8-4487-A60F-2B5129A4C039}.Debug|ARM.ActiveCfg = Debug|ARM
		{816F31BE-F7F8-4487-A60F-2B5129A4C039}.Debug|Win32.ActiveCfg = Debug|Win32
		{816F31BE-F7F8-4487-A60F-2B5129A4C039}.MinSizeRel|ARM.ActiveCfg = MinSizeRel|ARM
		{816F31BE-F7F8-4487-A60F-2B5129A4C039}.MinSizeRel|Win32.ActiveCfg = MinSizeRel|Win32
		{816F31BE-F7F8-4487-A60F-2B5129A4C039}.Release|ARM.ActiveCfg = Release|ARM
		{816F31BE-F7F8-4487-A60F-2B5129A4C039}.Release|Win32.ActiveCfg = Release|Win32
		{816F31BE-F7F8-4487-A60F-2B5129A4C039}.RelWithDebInfo|ARM.ActiveCfg = RelWithDebInfo|ARM
		{816F31BE-F7F8-4487-A60F-2B5129A4C039}.RelWithDebInfo|Win32.ActiveCfg = RelWithDebInfo|Win32
		{6F9B8974-501D-40E7-A0D4-1D581351D3CF}.Debug|ARM.ActiveCfg = Debug|ARM
		{6F9B8974-501D-40E7-A0D4-1D581351D3CF}.Debug|ARM.Build.0 = Debug|ARM
		{6F9B8974-501D-40E7-A0D4-1D581351D3CF}.Debug|Win32.ActiveCfg = Debug|Win32
		{6F9B8974-501D-40E7-A0D4-1D581351D3CF}.Debug|Win32.Build.0 = Debug|Win32
		{6F9B8974-501D-40E7-A0D4-1D581351D3CF}.MinSizeRel|ARM.ActiveCfg = MinSizeRel|ARM
		{6F9B8974-501D-40E7-A0D4-1D581351D3CF}.MinSizeRel|ARM.Build.0 = MinSizeRel|ARM
		{6F9B8974-501D-40E7-A0D4-1D581351D3CF}.MinSizeRel|Win32.ActiveCfg = MinSizeRel|Win32
		{6F9B8974-501D-40E7-A0D4-1D581351D3CF}.MinSizeRel|Win32.Build.0 = MinSizeRel|Win32
		{6F9B8974-501D-40E7-A0D4-1D581351D3CF}.Release|ARM.ActiveCfg = Release|ARM
		{6F9B8974-501D-40E7-A0D4-1D581351D3CF}.Release|ARM.Build.0 = Release|ARM
		{6F9B8974-501D-40E7-A0D4-1D581351D3CF}.Release|Win32.ActiveCfg = Release|Win32
		{6F9B8974-501D-40E7-A0D4-1D581351D3CF}.Release|Win32.Build.0 = Release|Win32
		{6F9B8974-501D-40E7-A0D4-1D581351D3CF}.RelWithDebInfo|ARM.ActiveCfg = RelWithDebInfo|ARM
		{6F9B8974-501D-40E7-A0D4-1D581351D3CF}.RelWithDebInfo|ARM.Build.0 = RelWithDebInfo|ARM
		{6F9B8974-501D-40E7-A0D4-1D581351D3CF}.RelWithDebInfo|Win32.ActiveCfg = RelWithDebInfo|Win32
		{6F9B8974-501D-40E7-A0D4-1D581351D3CF}.RelWithDebInfo|Win32.Build.0 = RelWithDebInfo|Win32
		{3B185141-5F61-4973-9EB2-705EBB6CF98F}.Debug|ARM.ActiveCfg = Debug|ARM
		{3B185141-5F61-4973-9EB2-705EBB6CF98F}.Debug|ARM.Build.0 = Debug|ARM
		{3B185141-5F61-4973-9EB2-705EBB6CF98F}.Debug|Win32.ActiveCfg = Debug|Win32
		{3B185141-5F61-4973-9EB2-705EBB6CF98F}.Debug|Win32.Build.0 = Debug|Win32
		{3B185141-5F61-4973-9EB2-705EBB6CF98F}.MinSizeRel|ARM.ActiveCfg = MinSizeRel|ARM
		{3B185141-5F61-4973-9EB2-705EBB6CF98F}.MinSizeRel|ARM.Build.0 = MinSizeRel|ARM
		{3B185141-5F61-4973-9EB2-705EBB6CF98F}.MinSizeRel|Win32.ActiveCfg = MinSizeRel|Win32
		{3B185141-5F61-4973-9EB2-705EBB6CF98F}.MinSizeRel|Win32.Build.0 = MinSizeRel|Win32
		{3B185141-5F61-4973-9EB2-705EBB6CF98F}.Release|ARM.ActiveCfg = Release|ARM
		{3B185141-5F61-4973-9EB2-705EBB6CF98F}.Release|ARM.Build.0 = Release|ARM
		{3B185141-5F61-4973-9EB2-705EBB6CF98F}.Release|Win32.ActiveCfg = Release|Win32
		{3B185141-5F61-4973-9EB2-705EBB6CF98F}.Release|Win32.Build.0 = Release|Win32
		{3B185141-5F61-4973-9EB2-705EBB6CF98F}.RelWithDebInfo|ARM.ActiveCfg = RelWithDebInfo|ARM
		{3B185141-5F61-4973-9EB2-705EBB6CF98F}.RelWithDebInfo|ARM.Build.0 = RelWithDebInfo|ARM
		{3B185141-5F61-4973-9EB2-705EBB6CF98F}.RelWithDebInfo|Win32.ActiveCfg = RelWithDebInfo|Win32
		{3B185141-5F61-4973-9EB2-705EBB6CF98F}.RelWithDebInfo|Win32.Build.0 = RelWithDebInfo|Win32
		{8F28F035-C6F3-46E7-ADC9-30490A8DDD41}.Debug|ARM.ActiveCfg = Debug|ARM
		{8F28F035-C6F3-46E7-ADC9-30490A8DDD41}.Debug|ARM.Build.0 = Debug|ARM
		{8F28F035-C6F3-46E7-ADC9-30490A8DDD41}.Debug|Win32.ActiveCfg = Debug|Win32
		{8F28F035-C6F3-46E7-ADC9-30490A8DDD41}.Debug|Win32.Build.0 = Debug|Win32
		{8F28F035-C6F3-46E7-ADC9-30490A8DDD41}.MinSizeRel|ARM.ActiveCfg = MinSizeRel|ARM
		{8F28F035-C6F3-46E7-ADC9-30490A8DDD41}.MinSizeRel|ARM.Build.0 = MinSizeRel|ARM
		{8F28F035-C6F3-46E7-ADC9-30490A8DDD41}.MinSizeRel|Win32.ActiveCfg = MinSizeRel|Win32
		{8F28F035-C6F3-46E7-ADC9-30490A8DDD41}.MinSizeRel|Win32.Build.0 = MinSizeRel|Win32
		{8F28F035-C6F3-46E7-ADC9-30490A8DDD41}.Release|ARM.ActiveCfg = Release|ARM
		{8F28F035-C6F3-46E7-ADC9-30490A8DDD41}.Release|ARM.Build.0 = Release|ARM
		{8F28F035-C6F3-46E7-ADC9-30490A8DDD41}.Release|Win32.ActiveCfg = Release|Win32
		{8F28F035-C6F3-46E7-ADC9-30490A8DDD41}.Release|Win32.Build.0 = Release|Win32
		{8F28F035-C6F3-46E7-ADC9-30490A8DDD41}.RelWithDebInfo|ARM.ActiveCfg = RelWithDebInfo|ARM
		{8F28F035-C6F3-46E7-ADC9-30490A8DDD41}.RelWithDebInfo|ARM.Build.0 = RelWithDebInfo|ARM
		{8F28F035-C6F3-46E7-ADC9-30490A8DDD41}.RelWithDebInfo|Win32.ActiveCfg = RelWithDebInfo|Win32
		{8F28F035-C6F3-46E7-ADC9-30490A8DDD41}.RelWithDebInfo|Win32.Build.0 = RelWithDebInfo|Win32
		{7F215346-7790-40C0-B289-2076135D8B01}.Debug|ARM.ActiveCfg = Debug|ARM
		{7F215346-7790-40C0-B289-2076135D8B01}.Debug|ARM.Build.0 = Debug|ARM
		{7F215346-7790-40C0-B289-2076135D8B01}.Debug|Win32.ActiveCfg = Debug|Win32
		{7F215346-7790-40C0-B289-2076135D8B01}.Debug|Win32.Build.0 = Debug|Win32
		{7F215346-7790-40C0-B289-2076135D8B01}.MinSizeRel|ARM.ActiveCfg = MinSizeRel|ARM
		{7F215346-7790-40C0-B289-2076135D8B01}.MinSizeRel|ARM.Build.0 = MinSizeRel|ARM
		{7F215346-7790-40C0-B289-2076135D8B01}.MinSizeRel|Win32.ActiveCfg = MinSizeRel|Win32
		{7F215346-7790-40C0-B289-2076135D8B01}.MinSizeRel|Win32.Build.0 = MinSizeRel|Win32
		{7F215346-7790-40C0-B289-2076135D8B01}.Release|ARM.ActiveCfg = Release|Win32
		{7F215346-7790-40C0-B289-2076135D8B01}.Release|ARM.Build.0 = Release|Win32
		{7F215346-7790-40C0-B289-2076135D8B01}.Release|Win32.ActiveCfg = Release|Win32
		{7F215346-7790-40C0-B289-2076135D8B01}.Release|Win32.Build.0 = Release|Win32
		{7F215346-7790-40C0-B289-2076135D8B01}.RelWithDebInfo|ARM.ActiveCfg = RelWithDebInfo|ARM
		{7F215346-7790-40C0-B289-2076135D8B01}.RelWithDebInfo|ARM.Build.0 = RelWithDebInfo|ARM
		{7F215346-7790-40C0-B289-2076135D8B01}.RelWithDebInfo|Win32.ActiveCfg = RelWithDebInfo|Win32
		{7F215346-7790-40C0-B289-2076135D8B01}.RelWithDebInfo|Win32.Build.0 = RelWithDebInfo|Win32
		{8444C7A4-31A9-45FC-8702-6EEEDC832097}.Debug|ARM.ActiveCfg = Debug|ARM
		{8444C7A4-31A9-45FC-8702-6EEEDC832097}.Debug|ARM.Build.0 = Debug|ARM
		{8444C7A4-31A9-45FC-8702-6EEEDC832097}.Debug|Win32.ActiveCfg = Debug|Win32
		{8444C7A4-31A9-45FC-8702-6EEEDC832097}.Debug|Win32.Build.0 = Debug|Win32
		{8444C7A4-31A9-45FC-8702-6EEEDC832097}.MinSizeRel|ARM.ActiveCfg = MinSizeRel|ARM
		{8444C7A4-31A9-45FC-8702-6EEEDC832097}.MinSizeRel|ARM.Build.0 = MinSizeRel|ARM
		{8444C7A4-31A9-45FC-8702-6EEEDC832097}.MinSizeRel|Win32.ActiveCfg = MinSizeRel|Win32
		{8444C7A4-31A9-45FC-8702-6EEEDC832097}.MinSizeRel|Win32.Build.0 = MinSizeRel|Win32
		{8444C7A4-31A9-45FC-8702-6EEEDC832097}.Release|ARM.ActiveCfg = Release|ARM
		{8444C7A4-31A9-45FC-8702-6EEEDC832097}.Release|ARM.Build.0 = Release|ARM
		{8444C7A4-31A9-45FC-8702-6EEEDC832097}.Release|Win32.ActiveCfg = Release|Win32
		{8444C7A4-31A9-45FC-8702-6EEEDC832097}.Release|Win32.Build.0 = Release|Win32
		{8444C7A4-31A9-45FC-8702-6EEEDC832097}.RelWithDebInfo|ARM.ActiveCfg = RelWithDebInfo|ARM
		{8444C7A4-31A9-45FC-8702-6EEEDC832097}.RelWithDebInfo|ARM.Build.0 = RelWithDebInfo|ARM
		{8444C7A4-31A9-45FC-8702-6EEEDC832097}.RelWithDebInfo|Win32.ActiveCfg = RelWithDebInfo|Win32
		{8444C7A4-31A9-45FC-8702-6EEEDC832097}.RelWithDebInfo|Win32.Build.0 = RelWithDebInfo|Win32
		{4D24DEA4-5495-4A81-88C4-7CB7A2253996}.Debug|ARM.ActiveCfg = Debug|ARM
		{4D24DEA4-5495-4A81-88C4-7CB7A2253996}.Debug|ARM.Build.0 = Debug|ARM
		{4D24DEA4-5495-4A81-88C4-7CB7A2253996}.Debug|Win32.ActiveCfg = Debug|Win32
		{4D24DEA4-5495-4A81-88C4-7CB7A2253996}.Debug|Win32.Build.0 = Debug|Win32
		{4D24DEA4-5495-4A81-88C4-7CB7A2253996}.MinSizeRel|ARM.ActiveCfg = MinSizeRel|ARM
		{4D24DEA4-5495-4A81-88C4-7CB7A2253996}.MinSizeRel|ARM.Build.0 = MinSizeRel|ARM
		{4D24DEA4-5495-4A81-88C4-7CB7A2253996}.MinSizeRel|Win32.ActiveCfg = MinSizeRel|Win32
		{4D24DEA4-5495-4A81-88C4-7CB7A2253996}.MinSizeRel|Win32.Build.0 = MinSizeRel|Win32
		{4D24DEA4-5495-4A81-88C4-7CB7A2253996}.Release|ARM.ActiveCfg = Release|ARM
		{4D24DEA4-5495-4A81-88C4-7CB7A2253996}.Release|ARM.Build.0 = Release|ARM
		{4D24DEA4-5495-4A81-88C4-7CB7A2253996}.Release|Win32.ActiveCfg = Release|Win32
		{4D24DEA4-5495-4A81-88C4-7CB7A2253996}.Release|Win32.Build.0 = Release|Win32
		{4D24DEA4-5495-4A81-88C4-7CB7A2253996}.RelWithDebInfo|ARM.ActiveCfg = RelWithDebInfo|ARM
		{4D24DEA4-5495-4A81-88C4-7CB7A2253996}.RelWithDebInfo|ARM.Build.0 = RelWithDebInfo|ARM
		{4D24DEA4-5495-4A81-88C4-7CB7A2253996}.RelWithDebInfo|Win32.ActiveCfg = RelWithDebInfo|Win32
		{4D24DEA4-5495-4A81-88C4-7CB7A2253996}.RelWithDebInfo|Win32.Build.0 = RelWithDebInfo|Win32
		{16694965-3755-45E7-81E8-BECE4E231C50}.Debug|ARM.ActiveCfg = Debug|ARM
		{16694965-3755-45E7-81E8-BECE4E231C50}.Debug|ARM.Build.0 = Debug|ARM
		{16694965-3755-45E7-81E8-BECE4E231C50}.Debug|Win32.ActiveCfg = Debug|Win32
		{16694965-3755-45E7-81E8-BECE4E231C50}.Debug|Win32.Build.0 = Debug|Win32
		{16694965-3755-45E7-81E8-BECE4E231C50}.MinSizeRel|ARM.ActiveCfg = MinSizeRel|ARM
		{16694965-3755-45E7-81E8-BECE4E231C50}.MinSizeRel|ARM.Build.0 = MinSizeRel|ARM
		{16694965-3755-45E7-81E8-BECE4E231C50}.MinSizeRel|Win32.ActiveCfg = MinSizeRel|Win32
		{16694965-3755-45E7-81E8-BECE4E231C50}.MinSizeRel|Win32.Build.0 = MinSizeRel|Win32
		{16694965-3755-45E7-81E8-BECE4E231C50}.Release|ARM.ActiveCfg = Release|ARM
		{16694965-3755-45E7-81E8-BECE4E231C50}.Release|ARM.Build.0 = Release|ARM
		{16694965-3755-45E7-81E8-BECE4E231C50}.Release|Win32.ActiveCfg = Release|Win32
		{16694965-3755-45E7-81E8-BECE4E231C50}.Release|Win32.Build.0 = Release|Win32
		{16694965-3755-45E7-81E8-BECE4E231C50}.RelWithDebInfo|ARM.ActiveCfg = RelWithDebInfo|ARM
		{16694965-3755-45E7-81E8-BECE4E231C50}.RelWithDebInfo|ARM.Build.0 = RelWithDebInfo|ARM
		{16694965-3755-45E7-81E8-BECE4E231C50}.RelWithDebInfo|Win32.ActiveCfg = RelWithDebInfo|Win32
		{16694965-3755-45E7-81E8-BECE4E231C50}.RelWithDebInfo|Win32.Build.0 = RelWithDebInfo|Win32
	EndGlobalSection
	GlobalSection(SolutionProperties) = preSolution
		HideSolutionNode = FALSE
	EndGlobalSection
EndGlobal
